// !$*UTF8*$!
{
	archiveVersion = 1;
	classes = {
	};
	objectVersion = 42;
	objects = {

/* Begin PBXBuildFile section */
		21148B321452010B0091FF09 /* osc.a in Frameworks */ = {isa = PBXBuildFile; fileRef = 21148B261452010B0091FF09 /* osc.a */; };
		21148B331452010B0091FF09 /* ofxOscBundle.cpp in Sources */ = {isa = PBXBuildFile; fileRef = 21148B2A1452010B0091FF09 /* ofxOscBundle.cpp */; };
		21148B341452010B0091FF09 /* ofxOscMessage.cpp in Sources */ = {isa = PBXBuildFile; fileRef = 21148B2C1452010B0091FF09 /* ofxOscMessage.cpp */; };
		21148B351452010B0091FF09 /* ofxOscReceiver.cpp in Sources */ = {isa = PBXBuildFile; fileRef = 21148B2E1452010B0091FF09 /* ofxOscReceiver.cpp */; };
		21148B361452010B0091FF09 /* ofxOscSender.cpp in Sources */ = {isa = PBXBuildFile; fileRef = 21148B301452010B0091FF09 /* ofxOscSender.cpp */; };
		217AC1871456DE9700F0879A /* margVideoPlayer007.cpp in Sources */ = {isa = PBXBuildFile; fileRef = 217AC1851456DE9700F0879A /* margVideoPlayer007.cpp */; };
		217AC44B1456F8AD00F0879A /* ofVideoPlayerAdapt.cpp in Sources */ = {isa = PBXBuildFile; fileRef = 217AC4491456F8AD00F0879A /* ofVideoPlayerAdapt.cpp */; };
		219B9D1E1443B3950078DC3D /* margDisplay007.cpp in Sources */ = {isa = PBXBuildFile; fileRef = 219B9D1C1443B3950078DC3D /* margDisplay007.cpp */; };
		219B9DAD1443B3F30078DC3D /* tinyxml.cpp in Sources */ = {isa = PBXBuildFile; fileRef = 219B9DA61443B3F30078DC3D /* tinyxml.cpp */; };
		219B9DAE1443B3F30078DC3D /* tinyxmlerror.cpp in Sources */ = {isa = PBXBuildFile; fileRef = 219B9DA81443B3F30078DC3D /* tinyxmlerror.cpp */; };
		219B9DAF1443B3F30078DC3D /* tinyxmlparser.cpp in Sources */ = {isa = PBXBuildFile; fileRef = 219B9DA91443B3F30078DC3D /* tinyxmlparser.cpp */; };
		219B9DB01443B3F30078DC3D /* ofxXmlSettings.cpp in Sources */ = {isa = PBXBuildFile; fileRef = 219B9DAB1443B3F30078DC3D /* ofxXmlSettings.cpp */; };
		219B9E981443BE1B0078DC3D /* margCoordWarping007.cpp in Sources */ = {isa = PBXBuildFile; fileRef = 219B9E961443BE1B0078DC3D /* margCoordWarping007.cpp */; };
		219B9EA11443BE7B0078DC3D /* coordWarping007.cpp in Sources */ = {isa = PBXBuildFile; fileRef = 219B9E9F1443BE7B0078DC3D /* coordWarping007.cpp */; };
		219B9EA51443BE940078DC3D /* guiQuad007.cpp in Sources */ = {isa = PBXBuildFile; fileRef = 219B9EA31443BE940078DC3D /* guiQuad007.cpp */; };
		219B9EEC1443C4F60078DC3D /* margVideoBlender007.cpp in Sources */ = {isa = PBXBuildFile; fileRef = 219B9EEA1443C4F60078DC3D /* margVideoBlender007.cpp */; };
		219B9EF21443C52B0078DC3D /* margTrailMaker007.cpp in Sources */ = {isa = PBXBuildFile; fileRef = 219B9EF01443C52B0078DC3D /* margTrailMaker007.cpp */; };
		219B9EFC1443C5A80078DC3D /* margCapture007.cpp in Sources */ = {isa = PBXBuildFile; fileRef = 219B9EF81443C5A80078DC3D /* margCapture007.cpp */; };
		219B9EFD1443C5A80078DC3D /* margVideoGrabber007.cpp in Sources */ = {isa = PBXBuildFile; fileRef = 219B9EFA1443C5A80078DC3D /* margVideoGrabber007.cpp */; };
		219B9F4A1443C8F10078DC3D /* ofxSimpleGuiButton.cpp in Sources */ = {isa = PBXBuildFile; fileRef = 219B9F261443C8F10078DC3D /* ofxSimpleGuiButton.cpp */; };
		219B9F4B1443C8F10078DC3D /* ofxSimpleGuiColorPicker.cpp in Sources */ = {isa = PBXBuildFile; fileRef = 219B9F281443C8F10078DC3D /* ofxSimpleGuiColorPicker.cpp */; };
		219B9F4C1443C8F10078DC3D /* ofxSimpleGuiComboBox.cpp in Sources */ = {isa = PBXBuildFile; fileRef = 219B9F2A1443C8F10078DC3D /* ofxSimpleGuiComboBox.cpp */; };
		219B9F4D1443C8F10078DC3D /* ofxSimpleGuiContent.cpp in Sources */ = {isa = PBXBuildFile; fileRef = 219B9F2C1443C8F10078DC3D /* ofxSimpleGuiContent.cpp */; };
		219B9F4E1443C8F10078DC3D /* ofxSimpleGuiFPSCounter.cpp in Sources */ = {isa = PBXBuildFile; fileRef = 219B9F2E1443C8F10078DC3D /* ofxSimpleGuiFPSCounter.cpp */; };
		219B9F4F1443C8F10078DC3D /* ofxSimpleGuiMovieSlider.cpp in Sources */ = {isa = PBXBuildFile; fileRef = 219B9F301443C8F10078DC3D /* ofxSimpleGuiMovieSlider.cpp */; };
		219B9F501443C8F10078DC3D /* ofxSimpleGuiQuadWarp.cpp in Sources */ = {isa = PBXBuildFile; fileRef = 219B9F321443C8F10078DC3D /* ofxSimpleGuiQuadWarp.cpp */; };
		219B9F511443C8F10078DC3D /* ofxSimpleGuiSlider2d.cpp in Sources */ = {isa = PBXBuildFile; fileRef = 219B9F341443C8F10078DC3D /* ofxSimpleGuiSlider2d.cpp */; };
		219B9F521443C8F10078DC3D /* ofxSimpleGuiTitle.cpp in Sources */ = {isa = PBXBuildFile; fileRef = 219B9F391443C8F10078DC3D /* ofxSimpleGuiTitle.cpp */; };
		219B9F531443C8F10078DC3D /* ofxSimpleGuiToggle.cpp in Sources */ = {isa = PBXBuildFile; fileRef = 219B9F3B1443C8F10078DC3D /* ofxSimpleGuiToggle.cpp */; };
		219B9F541443C8F10078DC3D /* ofxSimpleGuiConfig.cpp in Sources */ = {isa = PBXBuildFile; fileRef = 219B9F3D1443C8F10078DC3D /* ofxSimpleGuiConfig.cpp */; };
		219B9F551443C8F10078DC3D /* ofxSimpleGuiControl.cpp in Sources */ = {isa = PBXBuildFile; fileRef = 219B9F3F1443C8F10078DC3D /* ofxSimpleGuiControl.cpp */; };
		219B9F561443C8F10078DC3D /* ofxSimpleGuiPage.cpp in Sources */ = {isa = PBXBuildFile; fileRef = 219B9F421443C8F10078DC3D /* ofxSimpleGuiPage.cpp */; };
		219B9F571443C8F10078DC3D /* ofxSimpleGuiToo.cpp in Sources */ = {isa = PBXBuildFile; fileRef = 219B9F441443C8F10078DC3D /* ofxSimpleGuiToo.cpp */; };
		219B9F581443C8F10078DC3D /* ofxSimpleGuiValueControl.cpp in Sources */ = {isa = PBXBuildFile; fileRef = 219B9F461443C8F10078DC3D /* ofxSimpleGuiValueControl.cpp */; };
		219B9F751443C9790078DC3D /* ofxMSAInteractiveObject.cpp in Sources */ = {isa = PBXBuildFile; fileRef = 219B9F711443C9790078DC3D /* ofxMSAInteractiveObject.cpp */; };
		219B9F801443C9B80078DC3D /* margBlobCorrector007.cpp in Sources */ = {isa = PBXBuildFile; fileRef = 219B9F7A1443C9B80078DC3D /* margBlobCorrector007.cpp */; };
		219B9F811443C9B80078DC3D /* margBlobFinder007.cpp in Sources */ = {isa = PBXBuildFile; fileRef = 219B9F7C1443C9B80078DC3D /* margBlobFinder007.cpp */; };
		219B9F821443C9B80078DC3D /* margBlobInterpolator007.cpp in Sources */ = {isa = PBXBuildFile; fileRef = 219B9F7E1443C9B80078DC3D /* margBlobInterpolator007.cpp */; };
		219B9FC91443CDE40078DC3D /* margModule007.cpp in Sources */ = {isa = PBXBuildFile; fileRef = 219B9FC71443CDE40078DC3D /* margModule007.cpp */; };
		219BA0591443D4CF0078DC3D /* ofxCvColorImage.cpp in Sources */ = {isa = PBXBuildFile; fileRef = 219B9D7B1443B3B30078DC3D /* ofxCvColorImage.cpp */; };
		219BA05C1443D4CF0078DC3D /* ofxCvContourFinder.cpp in Sources */ = {isa = PBXBuildFile; fileRef = 219B9D7E1443B3B30078DC3D /* ofxCvContourFinder.cpp */; };
		219BA05E1443D4CF0078DC3D /* ofxCvFloatImage.cpp in Sources */ = {isa = PBXBuildFile; fileRef = 219B9D801443B3B30078DC3D /* ofxCvFloatImage.cpp */; };
		219BA0601443D4CF0078DC3D /* ofxCvGrayscaleImage.cpp in Sources */ = {isa = PBXBuildFile; fileRef = 219B9D821443B3B30078DC3D /* ofxCvGrayscaleImage.cpp */; };
		219BA0621443D4CF0078DC3D /* ofxCvHaarFinder.cpp in Sources */ = {isa = PBXBuildFile; fileRef = 219B9D841443B3B30078DC3D /* ofxCvHaarFinder.cpp */; };
		219BA0641443D4CF0078DC3D /* ofxCvImage.cpp in Sources */ = {isa = PBXBuildFile; fileRef = 219B9D861443B3B30078DC3D /* ofxCvImage.cpp */; };
		219BA0671443D4CF0078DC3D /* ofxCvShortImage.cpp in Sources */ = {isa = PBXBuildFile; fileRef = 219B9D891443B3B30078DC3D /* ofxCvShortImage.cpp */; };
		4B032C52145F3A8B00D8C537 /* GLUT.framework in CopyFiles */ = {isa = PBXBuildFile; fileRef = BBAB23BE13894E4700AA2426 /* GLUT.framework */; };
		E4328149138ABC9F0047C5CB /* openFrameworksDebug.a in Frameworks */ = {isa = PBXBuildFile; fileRef = E4328148138ABC890047C5CB /* openFrameworksDebug.a */; };
		E45BE97B0E8CC7DD009D7055 /* AGL.framework in Frameworks */ = {isa = PBXBuildFile; fileRef = E45BE9710E8CC7DD009D7055 /* AGL.framework */; };
		E45BE97C0E8CC7DD009D7055 /* ApplicationServices.framework in Frameworks */ = {isa = PBXBuildFile; fileRef = E45BE9720E8CC7DD009D7055 /* ApplicationServices.framework */; };
		E45BE97D0E8CC7DD009D7055 /* AudioToolbox.framework in Frameworks */ = {isa = PBXBuildFile; fileRef = E45BE9730E8CC7DD009D7055 /* AudioToolbox.framework */; };
		E45BE97E0E8CC7DD009D7055 /* Carbon.framework in Frameworks */ = {isa = PBXBuildFile; fileRef = E45BE9740E8CC7DD009D7055 /* Carbon.framework */; };
		E45BE97F0E8CC7DD009D7055 /* CoreAudio.framework in Frameworks */ = {isa = PBXBuildFile; fileRef = E45BE9750E8CC7DD009D7055 /* CoreAudio.framework */; };
		E45BE9800E8CC7DD009D7055 /* CoreFoundation.framework in Frameworks */ = {isa = PBXBuildFile; fileRef = E45BE9760E8CC7DD009D7055 /* CoreFoundation.framework */; };
		E45BE9810E8CC7DD009D7055 /* CoreServices.framework in Frameworks */ = {isa = PBXBuildFile; fileRef = E45BE9770E8CC7DD009D7055 /* CoreServices.framework */; };
		E45BE9830E8CC7DD009D7055 /* OpenGL.framework in Frameworks */ = {isa = PBXBuildFile; fileRef = E45BE9790E8CC7DD009D7055 /* OpenGL.framework */; };
		E45BE9840E8CC7DD009D7055 /* QuickTime.framework in Frameworks */ = {isa = PBXBuildFile; fileRef = E45BE97A0E8CC7DD009D7055 /* QuickTime.framework */; };
		E4B69E200A3A1BDC003C02F2 /* main.cpp in Sources */ = {isa = PBXBuildFile; fileRef = E4B69E1D0A3A1BDC003C02F2 /* main.cpp */; };
		E4B69E210A3A1BDC003C02F2 /* testApp.cpp in Sources */ = {isa = PBXBuildFile; fileRef = E4B69E1E0A3A1BDC003C02F2 /* testApp.cpp */; };
		E4C2424710CC5A17004149E2 /* AppKit.framework in Frameworks */ = {isa = PBXBuildFile; fileRef = E4C2424410CC5A17004149E2 /* AppKit.framework */; };
		E4C2424810CC5A17004149E2 /* Cocoa.framework in Frameworks */ = {isa = PBXBuildFile; fileRef = E4C2424510CC5A17004149E2 /* Cocoa.framework */; };
		E4C2424910CC5A17004149E2 /* IOKit.framework in Frameworks */ = {isa = PBXBuildFile; fileRef = E4C2424610CC5A17004149E2 /* IOKit.framework */; };
		E4EB6799138ADC1D00A09F29 /* GLUT.framework in Frameworks */ = {isa = PBXBuildFile; fileRef = BBAB23BE13894E4700AA2426 /* GLUT.framework */; };
/* End PBXBuildFile section */

/* Begin PBXContainerItemProxy section */
		E4328147138ABC890047C5CB /* PBXContainerItemProxy */ = {
			isa = PBXContainerItemProxy;
			containerPortal = E4328143138ABC890047C5CB /* openFrameworksLib.xcodeproj */;
			proxyType = 2;
			remoteGlobalIDString = E4B27C1510CBEB8E00536013;
			remoteInfo = openFrameworks;
		};
		E4EEB9AB138B136A00A80321 /* PBXContainerItemProxy */ = {
			isa = PBXContainerItemProxy;
			containerPortal = E4328143138ABC890047C5CB /* openFrameworksLib.xcodeproj */;
			proxyType = 1;
			remoteGlobalIDString = E4B27C1410CBEB8E00536013;
			remoteInfo = openFrameworks;
		};
/* End PBXContainerItemProxy section */

/* Begin PBXCopyFilesBuildPhase section */
		E4C2427710CC5ABF004149E2 /* CopyFiles */ = {
			isa = PBXCopyFilesBuildPhase;
			buildActionMask = 2147483647;
			dstPath = "";
			dstSubfolderSpec = 10;
			files = (
				4B032C52145F3A8B00D8C537 /* GLUT.framework in CopyFiles */,
			);
			runOnlyForDeploymentPostprocessing = 0;
		};
/* End PBXCopyFilesBuildPhase section */

/* Begin PBXFileReference section */
		21148B111452010B0091FF09 /* install.xml */ = {isa = PBXFileReference; fileEncoding = 4; lastKnownFileType = text.xml; path = install.xml; sourceTree = "<group>"; };
		21148B161452010B0091FF09 /* IpEndpointName.h */ = {isa = PBXFileReference; fileEncoding = 4; lastKnownFileType = sourcecode.c.h; path = IpEndpointName.h; sourceTree = "<group>"; };
		21148B171452010B0091FF09 /* NetworkingUtils.h */ = {isa = PBXFileReference; fileEncoding = 4; lastKnownFileType = sourcecode.c.h; path = NetworkingUtils.h; sourceTree = "<group>"; };
		21148B181452010B0091FF09 /* PacketListener.h */ = {isa = PBXFileReference; fileEncoding = 4; lastKnownFileType = sourcecode.c.h; path = PacketListener.h; sourceTree = "<group>"; };
		21148B191452010B0091FF09 /* TimerListener.h */ = {isa = PBXFileReference; fileEncoding = 4; lastKnownFileType = sourcecode.c.h; path = TimerListener.h; sourceTree = "<group>"; };
		21148B1A1452010B0091FF09 /* UdpSocket.h */ = {isa = PBXFileReference; fileEncoding = 4; lastKnownFileType = sourcecode.c.h; path = UdpSocket.h; sourceTree = "<group>"; };
		21148B1C1452010B0091FF09 /* MessageMappingOscPacketListener.h */ = {isa = PBXFileReference; fileEncoding = 4; lastKnownFileType = sourcecode.c.h; path = MessageMappingOscPacketListener.h; sourceTree = "<group>"; };
		21148B1D1452010B0091FF09 /* OscException.h */ = {isa = PBXFileReference; fileEncoding = 4; lastKnownFileType = sourcecode.c.h; path = OscException.h; sourceTree = "<group>"; };
		21148B1E1452010B0091FF09 /* OscHostEndianness.h */ = {isa = PBXFileReference; fileEncoding = 4; lastKnownFileType = sourcecode.c.h; path = OscHostEndianness.h; sourceTree = "<group>"; };
		21148B1F1452010B0091FF09 /* OscOutboundPacketStream.h */ = {isa = PBXFileReference; fileEncoding = 4; lastKnownFileType = sourcecode.c.h; path = OscOutboundPacketStream.h; sourceTree = "<group>"; };
		21148B201452010B0091FF09 /* OscPacketListener.h */ = {isa = PBXFileReference; fileEncoding = 4; lastKnownFileType = sourcecode.c.h; path = OscPacketListener.h; sourceTree = "<group>"; };
		21148B211452010B0091FF09 /* OscPrintReceivedElements.h */ = {isa = PBXFileReference; fileEncoding = 4; lastKnownFileType = sourcecode.c.h; path = OscPrintReceivedElements.h; sourceTree = "<group>"; };
		21148B221452010B0091FF09 /* OscReceivedElements.h */ = {isa = PBXFileReference; fileEncoding = 4; lastKnownFileType = sourcecode.c.h; path = OscReceivedElements.h; sourceTree = "<group>"; };
		21148B231452010B0091FF09 /* OscTypes.h */ = {isa = PBXFileReference; fileEncoding = 4; lastKnownFileType = sourcecode.c.h; path = OscTypes.h; sourceTree = "<group>"; };
		21148B261452010B0091FF09 /* osc.a */ = {isa = PBXFileReference; lastKnownFileType = archive.ar; path = osc.a; sourceTree = "<group>"; };
		21148B281452010B0091FF09 /* ofxOsc.h */ = {isa = PBXFileReference; fileEncoding = 4; lastKnownFileType = sourcecode.c.h; path = ofxOsc.h; sourceTree = "<group>"; };
		21148B291452010B0091FF09 /* ofxOscArg.h */ = {isa = PBXFileReference; fileEncoding = 4; lastKnownFileType = sourcecode.c.h; path = ofxOscArg.h; sourceTree = "<group>"; };
		21148B2A1452010B0091FF09 /* ofxOscBundle.cpp */ = {isa = PBXFileReference; fileEncoding = 4; lastKnownFileType = sourcecode.cpp.cpp; path = ofxOscBundle.cpp; sourceTree = "<group>"; };
		21148B2B1452010B0091FF09 /* ofxOscBundle.h */ = {isa = PBXFileReference; fileEncoding = 4; lastKnownFileType = sourcecode.c.h; path = ofxOscBundle.h; sourceTree = "<group>"; };
		21148B2C1452010B0091FF09 /* ofxOscMessage.cpp */ = {isa = PBXFileReference; fileEncoding = 4; lastKnownFileType = sourcecode.cpp.cpp; path = ofxOscMessage.cpp; sourceTree = "<group>"; };
		21148B2D1452010B0091FF09 /* ofxOscMessage.h */ = {isa = PBXFileReference; fileEncoding = 4; lastKnownFileType = sourcecode.c.h; path = ofxOscMessage.h; sourceTree = "<group>"; };
		21148B2E1452010B0091FF09 /* ofxOscReceiver.cpp */ = {isa = PBXFileReference; fileEncoding = 4; lastKnownFileType = sourcecode.cpp.cpp; path = ofxOscReceiver.cpp; sourceTree = "<group>"; };
		21148B2F1452010B0091FF09 /* ofxOscReceiver.h */ = {isa = PBXFileReference; fileEncoding = 4; lastKnownFileType = sourcecode.c.h; path = ofxOscReceiver.h; sourceTree = "<group>"; };
		21148B301452010B0091FF09 /* ofxOscSender.cpp */ = {isa = PBXFileReference; fileEncoding = 4; lastKnownFileType = sourcecode.cpp.cpp; path = ofxOscSender.cpp; sourceTree = "<group>"; };
		21148B311452010B0091FF09 /* ofxOscSender.h */ = {isa = PBXFileReference; fileEncoding = 4; lastKnownFileType = sourcecode.c.h; path = ofxOscSender.h; sourceTree = "<group>"; };
		217494C2144F63A100813BB3 /* goQtUtils.cpp */ = {isa = PBXFileReference; fileEncoding = 4; lastKnownFileType = sourcecode.cpp.cpp; path = goQtUtils.cpp; sourceTree = "<group>"; };
		217494C3144F63A100813BB3 /* goQtUtils.h */ = {isa = PBXFileReference; fileEncoding = 4; lastKnownFileType = sourcecode.c.h; path = goQtUtils.h; sourceTree = "<group>"; };
		217494C4144F63A100813BB3 /* goThreadedVideo.cpp */ = {isa = PBXFileReference; fileEncoding = 4; lastKnownFileType = sourcecode.cpp.cpp; path = goThreadedVideo.cpp; sourceTree = "<group>"; };
		217494C5144F63A100813BB3 /* goThreadedVideo.h */ = {isa = PBXFileReference; fileEncoding = 4; lastKnownFileType = sourcecode.c.h; path = goThreadedVideo.h; sourceTree = "<group>"; };
		217494C6144F63A100813BB3 /* goVideoPlayer.cpp */ = {isa = PBXFileReference; fileEncoding = 4; lastKnownFileType = sourcecode.cpp.cpp; path = goVideoPlayer.cpp; sourceTree = "<group>"; };
		217494C7144F63A100813BB3 /* goVideoPlayer.h */ = {isa = PBXFileReference; fileEncoding = 4; lastKnownFileType = sourcecode.c.h; path = goVideoPlayer.h; sourceTree = "<group>"; };
		217AC1851456DE9700F0879A /* margVideoPlayer007.cpp */ = {isa = PBXFileReference; fileEncoding = 4; lastKnownFileType = sourcecode.cpp.cpp; name = margVideoPlayer007.cpp; path = ../m1.0_classes/margVideoPlayer007.cpp; sourceTree = SOURCE_ROOT; };
		217AC1861456DE9700F0879A /* margVideoPlayer007.h */ = {isa = PBXFileReference; fileEncoding = 4; lastKnownFileType = sourcecode.c.h; name = margVideoPlayer007.h; path = ../m1.0_classes/margVideoPlayer007.h; sourceTree = SOURCE_ROOT; };
		217AC4491456F8AD00F0879A /* ofVideoPlayerAdapt.cpp */ = {isa = PBXFileReference; fileEncoding = 4; lastKnownFileType = sourcecode.cpp.cpp; name = ofVideoPlayerAdapt.cpp; path = ../m1.0_classes/ofVideoPlayerAdapt/ofVideoPlayerAdapt.cpp; sourceTree = SOURCE_ROOT; };
		217AC44A1456F8AD00F0879A /* ofVideoPlayerAdapt.h */ = {isa = PBXFileReference; fileEncoding = 4; lastKnownFileType = sourcecode.c.h; name = ofVideoPlayerAdapt.h; path = ../m1.0_classes/ofVideoPlayerAdapt/ofVideoPlayerAdapt.h; sourceTree = SOURCE_ROOT; };
		219B9D1C1443B3950078DC3D /* margDisplay007.cpp */ = {isa = PBXFileReference; fileEncoding = 4; lastKnownFileType = sourcecode.cpp.cpp; name = margDisplay007.cpp; path = ../m1.0_classes/margDisplay007.cpp; sourceTree = SOURCE_ROOT; };
		219B9D1D1443B3950078DC3D /* margDisplay007.h */ = {isa = PBXFileReference; fileEncoding = 4; lastKnownFileType = sourcecode.c.h; name = margDisplay007.h; path = ../m1.0_classes/margDisplay007.h; sourceTree = SOURCE_ROOT; };
		219B9D7A1443B3B30078DC3D /* ofxCvBlob.h */ = {isa = PBXFileReference; fileEncoding = 4; lastKnownFileType = sourcecode.c.h; path = ofxCvBlob.h; sourceTree = "<group>"; };
		219B9D7B1443B3B30078DC3D /* ofxCvColorImage.cpp */ = {isa = PBXFileReference; fileEncoding = 4; lastKnownFileType = sourcecode.cpp.cpp; path = ofxCvColorImage.cpp; sourceTree = "<group>"; };
		219B9D7C1443B3B30078DC3D /* ofxCvColorImage.h */ = {isa = PBXFileReference; fileEncoding = 4; lastKnownFileType = sourcecode.c.h; path = ofxCvColorImage.h; sourceTree = "<group>"; };
		219B9D7D1443B3B30078DC3D /* ofxCvConstants.h */ = {isa = PBXFileReference; fileEncoding = 4; lastKnownFileType = sourcecode.c.h; path = ofxCvConstants.h; sourceTree = "<group>"; };
		219B9D7E1443B3B30078DC3D /* ofxCvContourFinder.cpp */ = {isa = PBXFileReference; fileEncoding = 4; lastKnownFileType = sourcecode.cpp.cpp; path = ofxCvContourFinder.cpp; sourceTree = "<group>"; };
		219B9D7F1443B3B30078DC3D /* ofxCvContourFinder.h */ = {isa = PBXFileReference; fileEncoding = 4; lastKnownFileType = sourcecode.c.h; path = ofxCvContourFinder.h; sourceTree = "<group>"; };
		219B9D801443B3B30078DC3D /* ofxCvFloatImage.cpp */ = {isa = PBXFileReference; fileEncoding = 4; lastKnownFileType = sourcecode.cpp.cpp; path = ofxCvFloatImage.cpp; sourceTree = "<group>"; };
		219B9D811443B3B30078DC3D /* ofxCvFloatImage.h */ = {isa = PBXFileReference; fileEncoding = 4; lastKnownFileType = sourcecode.c.h; path = ofxCvFloatImage.h; sourceTree = "<group>"; };
		219B9D821443B3B30078DC3D /* ofxCvGrayscaleImage.cpp */ = {isa = PBXFileReference; fileEncoding = 4; lastKnownFileType = sourcecode.cpp.cpp; path = ofxCvGrayscaleImage.cpp; sourceTree = "<group>"; };
		219B9D831443B3B30078DC3D /* ofxCvGrayscaleImage.h */ = {isa = PBXFileReference; fileEncoding = 4; lastKnownFileType = sourcecode.c.h; path = ofxCvGrayscaleImage.h; sourceTree = "<group>"; };
		219B9D841443B3B30078DC3D /* ofxCvHaarFinder.cpp */ = {isa = PBXFileReference; fileEncoding = 4; lastKnownFileType = sourcecode.cpp.cpp; path = ofxCvHaarFinder.cpp; sourceTree = "<group>"; };
		219B9D851443B3B30078DC3D /* ofxCvHaarFinder.h */ = {isa = PBXFileReference; fileEncoding = 4; lastKnownFileType = sourcecode.c.h; path = ofxCvHaarFinder.h; sourceTree = "<group>"; };
		219B9D861443B3B30078DC3D /* ofxCvImage.cpp */ = {isa = PBXFileReference; fileEncoding = 4; lastKnownFileType = sourcecode.cpp.cpp; path = ofxCvImage.cpp; sourceTree = "<group>"; };
		219B9D871443B3B30078DC3D /* ofxCvImage.h */ = {isa = PBXFileReference; fileEncoding = 4; lastKnownFileType = sourcecode.c.h; path = ofxCvImage.h; sourceTree = "<group>"; };
		219B9D881443B3B30078DC3D /* ofxCvMain.h */ = {isa = PBXFileReference; fileEncoding = 4; lastKnownFileType = sourcecode.c.h; path = ofxCvMain.h; sourceTree = "<group>"; };
		219B9D891443B3B30078DC3D /* ofxCvShortImage.cpp */ = {isa = PBXFileReference; fileEncoding = 4; lastKnownFileType = sourcecode.cpp.cpp; path = ofxCvShortImage.cpp; sourceTree = "<group>"; };
		219B9D8A1443B3B30078DC3D /* ofxCvShortImage.h */ = {isa = PBXFileReference; fileEncoding = 4; lastKnownFileType = sourcecode.c.h; path = ofxCvShortImage.h; sourceTree = "<group>"; };
		219B9D8B1443B3B30078DC3D /* ofxOpenCv.h */ = {isa = PBXFileReference; fileEncoding = 4; lastKnownFileType = sourcecode.c.h; path = ofxOpenCv.h; sourceTree = "<group>"; };
		219B9D991443B3D90078DC3D /* ofxMatrix3x3.h */ = {isa = PBXFileReference; fileEncoding = 4; lastKnownFileType = sourcecode.c.h; path = ofxMatrix3x3.h; sourceTree = "<group>"; };
		219B9D9A1443B3D90078DC3D /* ofxMatrix4x4.h */ = {isa = PBXFileReference; fileEncoding = 4; lastKnownFileType = sourcecode.c.h; path = ofxMatrix4x4.h; sourceTree = "<group>"; };
		219B9D9B1443B3D90078DC3D /* ofxPoint2f.h */ = {isa = PBXFileReference; fileEncoding = 4; lastKnownFileType = sourcecode.c.h; path = ofxPoint2f.h; sourceTree = "<group>"; };
		219B9D9C1443B3D90078DC3D /* ofxPoint3f.h */ = {isa = PBXFileReference; fileEncoding = 4; lastKnownFileType = sourcecode.c.h; path = ofxPoint3f.h; sourceTree = "<group>"; };
		219B9D9D1443B3D90078DC3D /* ofxPoint4f.h */ = {isa = PBXFileReference; fileEncoding = 4; lastKnownFileType = sourcecode.c.h; path = ofxPoint4f.h; sourceTree = "<group>"; };
		219B9D9E1443B3D90078DC3D /* ofxQuaternion.h */ = {isa = PBXFileReference; fileEncoding = 4; lastKnownFileType = sourcecode.c.h; path = ofxQuaternion.h; sourceTree = "<group>"; };
		219B9D9F1443B3D90078DC3D /* ofxVec2f.h */ = {isa = PBXFileReference; fileEncoding = 4; lastKnownFileType = sourcecode.c.h; path = ofxVec2f.h; sourceTree = "<group>"; };
		219B9DA01443B3D90078DC3D /* ofxVec3f.h */ = {isa = PBXFileReference; fileEncoding = 4; lastKnownFileType = sourcecode.c.h; path = ofxVec3f.h; sourceTree = "<group>"; };
		219B9DA11443B3D90078DC3D /* ofxVec4f.h */ = {isa = PBXFileReference; fileEncoding = 4; lastKnownFileType = sourcecode.c.h; path = ofxVec4f.h; sourceTree = "<group>"; };
		219B9DA21443B3D90078DC3D /* ofxVectorMath.h */ = {isa = PBXFileReference; fileEncoding = 4; lastKnownFileType = sourcecode.c.h; path = ofxVectorMath.h; sourceTree = "<group>"; };
		219B9DA41443B3F30078DC3D /* install.xml */ = {isa = PBXFileReference; fileEncoding = 4; lastKnownFileType = text.xml; path = install.xml; sourceTree = "<group>"; };
		219B9DA61443B3F30078DC3D /* tinyxml.cpp */ = {isa = PBXFileReference; fileEncoding = 4; lastKnownFileType = sourcecode.cpp.cpp; path = tinyxml.cpp; sourceTree = "<group>"; };
		219B9DA71443B3F30078DC3D /* tinyxml.h */ = {isa = PBXFileReference; fileEncoding = 4; lastKnownFileType = sourcecode.c.h; path = tinyxml.h; sourceTree = "<group>"; };
		219B9DA81443B3F30078DC3D /* tinyxmlerror.cpp */ = {isa = PBXFileReference; fileEncoding = 4; lastKnownFileType = sourcecode.cpp.cpp; path = tinyxmlerror.cpp; sourceTree = "<group>"; };
		219B9DA91443B3F30078DC3D /* tinyxmlparser.cpp */ = {isa = PBXFileReference; fileEncoding = 4; lastKnownFileType = sourcecode.cpp.cpp; path = tinyxmlparser.cpp; sourceTree = "<group>"; };
		219B9DAB1443B3F30078DC3D /* ofxXmlSettings.cpp */ = {isa = PBXFileReference; fileEncoding = 4; lastKnownFileType = sourcecode.cpp.cpp; path = ofxXmlSettings.cpp; sourceTree = "<group>"; };
		219B9DAC1443B3F30078DC3D /* ofxXmlSettings.h */ = {isa = PBXFileReference; fileEncoding = 4; lastKnownFileType = sourcecode.c.h; path = ofxXmlSettings.h; sourceTree = "<group>"; };
		219B9E961443BE1B0078DC3D /* margCoordWarping007.cpp */ = {isa = PBXFileReference; fileEncoding = 4; lastKnownFileType = sourcecode.cpp.cpp; name = margCoordWarping007.cpp; path = ../m1.0_classes/margCoordWarping007.cpp; sourceTree = SOURCE_ROOT; };
		219B9E971443BE1B0078DC3D /* margCoordWarping007.h */ = {isa = PBXFileReference; fileEncoding = 4; lastKnownFileType = sourcecode.c.h; name = margCoordWarping007.h; path = ../m1.0_classes/margCoordWarping007.h; sourceTree = SOURCE_ROOT; };
		219B9E9F1443BE7B0078DC3D /* coordWarping007.cpp */ = {isa = PBXFileReference; fileEncoding = 4; lastKnownFileType = sourcecode.cpp.cpp; name = coordWarping007.cpp; path = ../m1.0_classes/coordWarping/coordWarping007.cpp; sourceTree = SOURCE_ROOT; };
		219B9EA01443BE7B0078DC3D /* coordWarping007.h */ = {isa = PBXFileReference; fileEncoding = 4; lastKnownFileType = sourcecode.c.h; name = coordWarping007.h; path = ../m1.0_classes/coordWarping/coordWarping007.h; sourceTree = SOURCE_ROOT; };
		219B9EA21443BE940078DC3D /* baseGui007.h */ = {isa = PBXFileReference; fileEncoding = 4; lastKnownFileType = sourcecode.c.h; name = baseGui007.h; path = ../m1.0_classes/guiQuad/baseGui007.h; sourceTree = SOURCE_ROOT; };
		219B9EA31443BE940078DC3D /* guiQuad007.cpp */ = {isa = PBXFileReference; fileEncoding = 4; lastKnownFileType = sourcecode.cpp.cpp; name = guiQuad007.cpp; path = ../m1.0_classes/guiQuad/guiQuad007.cpp; sourceTree = SOURCE_ROOT; };
		219B9EA41443BE940078DC3D /* guiQuad007.h */ = {isa = PBXFileReference; fileEncoding = 4; lastKnownFileType = sourcecode.c.h; name = guiQuad007.h; path = ../m1.0_classes/guiQuad/guiQuad007.h; sourceTree = SOURCE_ROOT; };
		219B9EEA1443C4F60078DC3D /* margVideoBlender007.cpp */ = {isa = PBXFileReference; fileEncoding = 4; lastKnownFileType = sourcecode.cpp.cpp; name = margVideoBlender007.cpp; path = ../m1.0_classes/margVideoBlender007.cpp; sourceTree = SOURCE_ROOT; };
		219B9EEB1443C4F60078DC3D /* margVideoBlender007.h */ = {isa = PBXFileReference; fileEncoding = 4; lastKnownFileType = sourcecode.c.h; name = margVideoBlender007.h; path = ../m1.0_classes/margVideoBlender007.h; sourceTree = SOURCE_ROOT; };
		219B9EF01443C52B0078DC3D /* margTrailMaker007.cpp */ = {isa = PBXFileReference; fileEncoding = 4; lastKnownFileType = sourcecode.cpp.cpp; name = margTrailMaker007.cpp; path = ../m1.0_classes/margTrailMaker007.cpp; sourceTree = SOURCE_ROOT; };
		219B9EF11443C52B0078DC3D /* margTrailMaker007.h */ = {isa = PBXFileReference; fileEncoding = 4; lastKnownFileType = sourcecode.c.h; name = margTrailMaker007.h; path = ../m1.0_classes/margTrailMaker007.h; sourceTree = SOURCE_ROOT; };
		219B9EF81443C5A80078DC3D /* margCapture007.cpp */ = {isa = PBXFileReference; fileEncoding = 4; lastKnownFileType = sourcecode.cpp.cpp; name = margCapture007.cpp; path = ../m1.0_classes/margCapture007.cpp; sourceTree = SOURCE_ROOT; };
		219B9EF91443C5A80078DC3D /* margCapture007.h */ = {isa = PBXFileReference; fileEncoding = 4; lastKnownFileType = sourcecode.c.h; name = margCapture007.h; path = ../m1.0_classes/margCapture007.h; sourceTree = SOURCE_ROOT; };
		219B9EFA1443C5A80078DC3D /* margVideoGrabber007.cpp */ = {isa = PBXFileReference; fileEncoding = 4; lastKnownFileType = sourcecode.cpp.cpp; name = margVideoGrabber007.cpp; path = ../m1.0_classes/margVideoGrabber007.cpp; sourceTree = SOURCE_ROOT; };
		219B9EFB1443C5A80078DC3D /* margVideoGrabber007.h */ = {isa = PBXFileReference; fileEncoding = 4; lastKnownFileType = sourcecode.c.h; name = margVideoGrabber007.h; path = ../m1.0_classes/margVideoGrabber007.h; sourceTree = SOURCE_ROOT; };
		219B9F261443C8F10078DC3D /* ofxSimpleGuiButton.cpp */ = {isa = PBXFileReference; fileEncoding = 4; lastKnownFileType = sourcecode.cpp.cpp; path = ofxSimpleGuiButton.cpp; sourceTree = "<group>"; };
		219B9F271443C8F10078DC3D /* ofxSimpleGuiButton.h */ = {isa = PBXFileReference; fileEncoding = 4; lastKnownFileType = sourcecode.c.h; path = ofxSimpleGuiButton.h; sourceTree = "<group>"; };
		219B9F281443C8F10078DC3D /* ofxSimpleGuiColorPicker.cpp */ = {isa = PBXFileReference; fileEncoding = 4; lastKnownFileType = sourcecode.cpp.cpp; path = ofxSimpleGuiColorPicker.cpp; sourceTree = "<group>"; };
		219B9F291443C8F10078DC3D /* ofxSimpleGuiColorPicker.h */ = {isa = PBXFileReference; fileEncoding = 4; lastKnownFileType = sourcecode.c.h; path = ofxSimpleGuiColorPicker.h; sourceTree = "<group>"; };
		219B9F2A1443C8F10078DC3D /* ofxSimpleGuiComboBox.cpp */ = {isa = PBXFileReference; fileEncoding = 4; lastKnownFileType = sourcecode.cpp.cpp; path = ofxSimpleGuiComboBox.cpp; sourceTree = "<group>"; };
		219B9F2B1443C8F10078DC3D /* ofxSimpleGuiComboBox.h */ = {isa = PBXFileReference; fileEncoding = 4; lastKnownFileType = sourcecode.c.h; path = ofxSimpleGuiComboBox.h; sourceTree = "<group>"; };
		219B9F2C1443C8F10078DC3D /* ofxSimpleGuiContent.cpp */ = {isa = PBXFileReference; fileEncoding = 4; lastKnownFileType = sourcecode.cpp.cpp; path = ofxSimpleGuiContent.cpp; sourceTree = "<group>"; };
		219B9F2D1443C8F10078DC3D /* ofxSimpleGuiContent.h */ = {isa = PBXFileReference; fileEncoding = 4; lastKnownFileType = sourcecode.c.h; path = ofxSimpleGuiContent.h; sourceTree = "<group>"; };
		219B9F2E1443C8F10078DC3D /* ofxSimpleGuiFPSCounter.cpp */ = {isa = PBXFileReference; fileEncoding = 4; lastKnownFileType = sourcecode.cpp.cpp; path = ofxSimpleGuiFPSCounter.cpp; sourceTree = "<group>"; };
		219B9F2F1443C8F10078DC3D /* ofxSimpleGuiFPSCounter.h */ = {isa = PBXFileReference; fileEncoding = 4; lastKnownFileType = sourcecode.c.h; path = ofxSimpleGuiFPSCounter.h; sourceTree = "<group>"; };
		219B9F301443C8F10078DC3D /* ofxSimpleGuiMovieSlider.cpp */ = {isa = PBXFileReference; fileEncoding = 4; lastKnownFileType = sourcecode.cpp.cpp; path = ofxSimpleGuiMovieSlider.cpp; sourceTree = "<group>"; };
		219B9F311443C8F10078DC3D /* ofxSimpleGuiMovieSlider.h */ = {isa = PBXFileReference; fileEncoding = 4; lastKnownFileType = sourcecode.c.h; path = ofxSimpleGuiMovieSlider.h; sourceTree = "<group>"; };
		219B9F321443C8F10078DC3D /* ofxSimpleGuiQuadWarp.cpp */ = {isa = PBXFileReference; fileEncoding = 4; lastKnownFileType = sourcecode.cpp.cpp; path = ofxSimpleGuiQuadWarp.cpp; sourceTree = "<group>"; };
		219B9F331443C8F10078DC3D /* ofxSimpleGuiQuadWarp.h */ = {isa = PBXFileReference; fileEncoding = 4; lastKnownFileType = sourcecode.c.h; path = ofxSimpleGuiQuadWarp.h; sourceTree = "<group>"; };
		219B9F341443C8F10078DC3D /* ofxSimpleGuiSlider2d.cpp */ = {isa = PBXFileReference; fileEncoding = 4; lastKnownFileType = sourcecode.cpp.cpp; path = ofxSimpleGuiSlider2d.cpp; sourceTree = "<group>"; };
		219B9F351443C8F10078DC3D /* ofxSimpleGuiSlider2d.h */ = {isa = PBXFileReference; fileEncoding = 4; lastKnownFileType = sourcecode.c.h; path = ofxSimpleGuiSlider2d.h; sourceTree = "<group>"; };
		219B9F361443C8F10078DC3D /* ofxSimpleGuiSliderBase.h */ = {isa = PBXFileReference; fileEncoding = 4; lastKnownFileType = sourcecode.c.h; path = ofxSimpleGuiSliderBase.h; sourceTree = "<group>"; };
		219B9F371443C8F10078DC3D /* ofxSimpleGuiSliderFloat.h */ = {isa = PBXFileReference; fileEncoding = 4; lastKnownFileType = sourcecode.c.h; path = ofxSimpleGuiSliderFloat.h; sourceTree = "<group>"; };
		219B9F381443C8F10078DC3D /* ofxSimpleGuiSliderInt.h */ = {isa = PBXFileReference; fileEncoding = 4; lastKnownFileType = sourcecode.c.h; path = ofxSimpleGuiSliderInt.h; sourceTree = "<group>"; };
		219B9F391443C8F10078DC3D /* ofxSimpleGuiTitle.cpp */ = {isa = PBXFileReference; fileEncoding = 4; lastKnownFileType = sourcecode.cpp.cpp; path = ofxSimpleGuiTitle.cpp; sourceTree = "<group>"; };
		219B9F3A1443C8F10078DC3D /* ofxSimpleGuiTitle.h */ = {isa = PBXFileReference; fileEncoding = 4; lastKnownFileType = sourcecode.c.h; path = ofxSimpleGuiTitle.h; sourceTree = "<group>"; };
		219B9F3B1443C8F10078DC3D /* ofxSimpleGuiToggle.cpp */ = {isa = PBXFileReference; fileEncoding = 4; lastKnownFileType = sourcecode.cpp.cpp; path = ofxSimpleGuiToggle.cpp; sourceTree = "<group>"; };
		219B9F3C1443C8F10078DC3D /* ofxSimpleGuiToggle.h */ = {isa = PBXFileReference; fileEncoding = 4; lastKnownFileType = sourcecode.c.h; path = ofxSimpleGuiToggle.h; sourceTree = "<group>"; };
		219B9F3D1443C8F10078DC3D /* ofxSimpleGuiConfig.cpp */ = {isa = PBXFileReference; fileEncoding = 4; lastKnownFileType = sourcecode.cpp.cpp; path = ofxSimpleGuiConfig.cpp; sourceTree = "<group>"; };
		219B9F3E1443C8F10078DC3D /* ofxSimpleGuiConfig.h */ = {isa = PBXFileReference; fileEncoding = 4; lastKnownFileType = sourcecode.c.h; path = ofxSimpleGuiConfig.h; sourceTree = "<group>"; };
		219B9F3F1443C8F10078DC3D /* ofxSimpleGuiControl.cpp */ = {isa = PBXFileReference; fileEncoding = 4; lastKnownFileType = sourcecode.cpp.cpp; path = ofxSimpleGuiControl.cpp; sourceTree = "<group>"; };
		219B9F401443C8F10078DC3D /* ofxSimpleGuiControl.h */ = {isa = PBXFileReference; fileEncoding = 4; lastKnownFileType = sourcecode.c.h; path = ofxSimpleGuiControl.h; sourceTree = "<group>"; };
		219B9F411443C8F10078DC3D /* ofxSimpleGuiIncludes.h */ = {isa = PBXFileReference; fileEncoding = 4; lastKnownFileType = sourcecode.c.h; path = ofxSimpleGuiIncludes.h; sourceTree = "<group>"; };
		219B9F421443C8F10078DC3D /* ofxSimpleGuiPage.cpp */ = {isa = PBXFileReference; fileEncoding = 4; lastKnownFileType = sourcecode.cpp.cpp; path = ofxSimpleGuiPage.cpp; sourceTree = "<group>"; };
		219B9F431443C8F10078DC3D /* ofxSimpleGuiPage.h */ = {isa = PBXFileReference; fileEncoding = 4; lastKnownFileType = sourcecode.c.h; path = ofxSimpleGuiPage.h; sourceTree = "<group>"; };
		219B9F441443C8F10078DC3D /* ofxSimpleGuiToo.cpp */ = {isa = PBXFileReference; fileEncoding = 4; lastKnownFileType = sourcecode.cpp.cpp; path = ofxSimpleGuiToo.cpp; sourceTree = "<group>"; };
		219B9F451443C8F10078DC3D /* ofxSimpleGuiToo.h */ = {isa = PBXFileReference; fileEncoding = 4; lastKnownFileType = sourcecode.c.h; path = ofxSimpleGuiToo.h; sourceTree = "<group>"; };
		219B9F461443C8F10078DC3D /* ofxSimpleGuiValueControl.cpp */ = {isa = PBXFileReference; fileEncoding = 4; lastKnownFileType = sourcecode.cpp.cpp; path = ofxSimpleGuiValueControl.cpp; sourceTree = "<group>"; };
		219B9F471443C8F10078DC3D /* ofxSimpleGuiValueControl.h */ = {isa = PBXFileReference; fileEncoding = 4; lastKnownFileType = sourcecode.c.h; path = ofxSimpleGuiValueControl.h; sourceTree = "<group>"; };
		219B9F711443C9790078DC3D /* ofxMSAInteractiveObject.cpp */ = {isa = PBXFileReference; fileEncoding = 4; lastKnownFileType = sourcecode.cpp.cpp; path = ofxMSAInteractiveObject.cpp; sourceTree = "<group>"; };
		219B9F721443C9790078DC3D /* ofxMSAInteractiveObject.h */ = {isa = PBXFileReference; fileEncoding = 4; lastKnownFileType = sourcecode.c.h; path = ofxMSAInteractiveObject.h; sourceTree = "<group>"; };
		219B9F791443C9B80078DC3D /* margBlob007.h */ = {isa = PBXFileReference; fileEncoding = 4; lastKnownFileType = sourcecode.c.h; name = margBlob007.h; path = ../m1.0_classes/margBlob007.h; sourceTree = SOURCE_ROOT; };
		219B9F7A1443C9B80078DC3D /* margBlobCorrector007.cpp */ = {isa = PBXFileReference; fileEncoding = 4; lastKnownFileType = sourcecode.cpp.cpp; name = margBlobCorrector007.cpp; path = ../m1.0_classes/margBlobCorrector007.cpp; sourceTree = SOURCE_ROOT; };
		219B9F7B1443C9B80078DC3D /* margBlobCorrector007.h */ = {isa = PBXFileReference; fileEncoding = 4; lastKnownFileType = sourcecode.c.h; name = margBlobCorrector007.h; path = ../m1.0_classes/margBlobCorrector007.h; sourceTree = SOURCE_ROOT; };
		219B9F7C1443C9B80078DC3D /* margBlobFinder007.cpp */ = {isa = PBXFileReference; fileEncoding = 4; lastKnownFileType = sourcecode.cpp.cpp; name = margBlobFinder007.cpp; path = ../m1.0_classes/margBlobFinder007.cpp; sourceTree = SOURCE_ROOT; };
		219B9F7D1443C9B80078DC3D /* margBlobFinder007.h */ = {isa = PBXFileReference; fileEncoding = 4; lastKnownFileType = sourcecode.c.h; name = margBlobFinder007.h; path = ../m1.0_classes/margBlobFinder007.h; sourceTree = SOURCE_ROOT; };
		219B9F7E1443C9B80078DC3D /* margBlobInterpolator007.cpp */ = {isa = PBXFileReference; fileEncoding = 4; lastKnownFileType = sourcecode.cpp.cpp; name = margBlobInterpolator007.cpp; path = ../m1.0_classes/margBlobInterpolator007.cpp; sourceTree = SOURCE_ROOT; };
		219B9F7F1443C9B80078DC3D /* margBlobInterpolator007.h */ = {isa = PBXFileReference; fileEncoding = 4; lastKnownFileType = sourcecode.c.h; name = margBlobInterpolator007.h; path = ../m1.0_classes/margBlobInterpolator007.h; sourceTree = SOURCE_ROOT; };
		219B9FC71443CDE40078DC3D /* margModule007.cpp */ = {isa = PBXFileReference; fileEncoding = 4; lastKnownFileType = sourcecode.cpp.cpp; name = margModule007.cpp; path = ../m1.0_classes/margModule007.cpp; sourceTree = SOURCE_ROOT; };
		219B9FC81443CDE40078DC3D /* margModule007.h */ = {isa = PBXFileReference; fileEncoding = 4; lastKnownFileType = sourcecode.c.h; name = margModule007.h; path = ../m1.0_classes/margModule007.h; sourceTree = SOURCE_ROOT; };
		BBAB23BE13894E4700AA2426 /* GLUT.framework */ = {isa = PBXFileReference; lastKnownFileType = wrapper.framework; name = GLUT.framework; path = ../../../libs/glut/lib/osx/GLUT.framework; sourceTree = "<group>"; };
		E4328143138ABC890047C5CB /* openFrameworksLib.xcodeproj */ = {isa = PBXFileReference; lastKnownFileType = "wrapper.pb-project"; name = openFrameworksLib.xcodeproj; path = ../../../libs/openFrameworksCompiled/project/osx/openFrameworksLib.xcodeproj; sourceTree = SOURCE_ROOT; };
		E45BE9710E8CC7DD009D7055 /* AGL.framework */ = {isa = PBXFileReference; lastKnownFileType = wrapper.framework; name = AGL.framework; path = /System/Library/Frameworks/AGL.framework; sourceTree = "<absolute>"; };
		E45BE9720E8CC7DD009D7055 /* ApplicationServices.framework */ = {isa = PBXFileReference; lastKnownFileType = wrapper.framework; name = ApplicationServices.framework; path = /System/Library/Frameworks/ApplicationServices.framework; sourceTree = "<absolute>"; };
		E45BE9730E8CC7DD009D7055 /* AudioToolbox.framework */ = {isa = PBXFileReference; lastKnownFileType = wrapper.framework; name = AudioToolbox.framework; path = /System/Library/Frameworks/AudioToolbox.framework; sourceTree = "<absolute>"; };
		E45BE9740E8CC7DD009D7055 /* Carbon.framework */ = {isa = PBXFileReference; lastKnownFileType = wrapper.framework; name = Carbon.framework; path = /System/Library/Frameworks/Carbon.framework; sourceTree = "<absolute>"; };
		E45BE9750E8CC7DD009D7055 /* CoreAudio.framework */ = {isa = PBXFileReference; lastKnownFileType = wrapper.framework; name = CoreAudio.framework; path = /System/Library/Frameworks/CoreAudio.framework; sourceTree = "<absolute>"; };
		E45BE9760E8CC7DD009D7055 /* CoreFoundation.framework */ = {isa = PBXFileReference; lastKnownFileType = wrapper.framework; name = CoreFoundation.framework; path = /System/Library/Frameworks/CoreFoundation.framework; sourceTree = "<absolute>"; };
		E45BE9770E8CC7DD009D7055 /* CoreServices.framework */ = {isa = PBXFileReference; lastKnownFileType = wrapper.framework; name = CoreServices.framework; path = /System/Library/Frameworks/CoreServices.framework; sourceTree = "<absolute>"; };
		E45BE9790E8CC7DD009D7055 /* OpenGL.framework */ = {isa = PBXFileReference; lastKnownFileType = wrapper.framework; name = OpenGL.framework; path = /System/Library/Frameworks/OpenGL.framework; sourceTree = "<absolute>"; };
		E45BE97A0E8CC7DD009D7055 /* QuickTime.framework */ = {isa = PBXFileReference; lastKnownFileType = wrapper.framework; name = QuickTime.framework; path = /System/Library/Frameworks/QuickTime.framework; sourceTree = "<absolute>"; };
		E4B69B5B0A3A1756003C02F2 /* loExhibitCtrlDebug.app */ = {isa = PBXFileReference; explicitFileType = wrapper.application; includeInIndex = 0; path = loExhibitCtrlDebug.app; sourceTree = BUILT_PRODUCTS_DIR; };
		E4B69E1D0A3A1BDC003C02F2 /* main.cpp */ = {isa = PBXFileReference; fileEncoding = 30; lastKnownFileType = sourcecode.cpp.cpp; name = main.cpp; path = src/main.cpp; sourceTree = SOURCE_ROOT; };
		E4B69E1E0A3A1BDC003C02F2 /* testApp.cpp */ = {isa = PBXFileReference; explicitFileType = sourcecode.cpp.cpp; fileEncoding = 30; name = testApp.cpp; path = src/testApp.cpp; sourceTree = SOURCE_ROOT; };
		E4B69E1F0A3A1BDC003C02F2 /* testApp.h */ = {isa = PBXFileReference; fileEncoding = 30; lastKnownFileType = sourcecode.c.h; name = testApp.h; path = src/testApp.h; sourceTree = SOURCE_ROOT; };
		E4B6FCAD0C3E899E008CF71C /* openFrameworks-Info.plist */ = {isa = PBXFileReference; fileEncoding = 30; lastKnownFileType = text.plist.xml; path = "openFrameworks-Info.plist"; sourceTree = "<group>"; };
		E4C2424410CC5A17004149E2 /* AppKit.framework */ = {isa = PBXFileReference; lastKnownFileType = wrapper.framework; name = AppKit.framework; path = /System/Library/Frameworks/AppKit.framework; sourceTree = "<absolute>"; };
		E4C2424510CC5A17004149E2 /* Cocoa.framework */ = {isa = PBXFileReference; lastKnownFileType = wrapper.framework; name = Cocoa.framework; path = /System/Library/Frameworks/Cocoa.framework; sourceTree = "<absolute>"; };
		E4C2424610CC5A17004149E2 /* IOKit.framework */ = {isa = PBXFileReference; lastKnownFileType = wrapper.framework; name = IOKit.framework; path = /System/Library/Frameworks/IOKit.framework; sourceTree = "<absolute>"; };
		E4EB691F138AFCF100A09F29 /* CoreOF.xcconfig */ = {isa = PBXFileReference; fileEncoding = 4; lastKnownFileType = text.xcconfig; name = CoreOF.xcconfig; path = ../../../libs/openFrameworksCompiled/project/osx/CoreOF.xcconfig; sourceTree = SOURCE_ROOT; };
		E4EB6923138AFD0F00A09F29 /* Project.xcconfig */ = {isa = PBXFileReference; fileEncoding = 4; lastKnownFileType = text.xcconfig; path = Project.xcconfig; sourceTree = "<group>"; };
/* End PBXFileReference section */

/* Begin PBXFrameworksBuildPhase section */
		E4B69B590A3A1756003C02F2 /* Frameworks */ = {
			isa = PBXFrameworksBuildPhase;
			buildActionMask = 2147483647;
			files = (
				E4EB6799138ADC1D00A09F29 /* GLUT.framework in Frameworks */,
				E4328149138ABC9F0047C5CB /* openFrameworksDebug.a in Frameworks */,
				E45BE97B0E8CC7DD009D7055 /* AGL.framework in Frameworks */,
				E45BE97C0E8CC7DD009D7055 /* ApplicationServices.framework in Frameworks */,
				E45BE97D0E8CC7DD009D7055 /* AudioToolbox.framework in Frameworks */,
				E45BE97E0E8CC7DD009D7055 /* Carbon.framework in Frameworks */,
				E45BE97F0E8CC7DD009D7055 /* CoreAudio.framework in Frameworks */,
				E45BE9800E8CC7DD009D7055 /* CoreFoundation.framework in Frameworks */,
				E45BE9810E8CC7DD009D7055 /* CoreServices.framework in Frameworks */,
				E45BE9830E8CC7DD009D7055 /* OpenGL.framework in Frameworks */,
				E45BE9840E8CC7DD009D7055 /* QuickTime.framework in Frameworks */,
				E4C2424710CC5A17004149E2 /* AppKit.framework in Frameworks */,
				E4C2424810CC5A17004149E2 /* Cocoa.framework in Frameworks */,
				E4C2424910CC5A17004149E2 /* IOKit.framework in Frameworks */,
				21148B321452010B0091FF09 /* osc.a in Frameworks */,
			);
			runOnlyForDeploymentPostprocessing = 0;
		};
/* End PBXFrameworksBuildPhase section */

/* Begin PBXGroup section */
		21148B101452010B0091FF09 /* ofxOsc */ = {
			isa = PBXGroup;
			children = (
				21148B111452010B0091FF09 /* install.xml */,
				21148B121452010B0091FF09 /* libs */,
				21148B271452010B0091FF09 /* src */,
			);
			name = ofxOsc;
			path = ../../../addons/ofxOsc;
			sourceTree = SOURCE_ROOT;
		};
		21148B121452010B0091FF09 /* libs */ = {
			isa = PBXGroup;
			children = (
				21148B131452010B0091FF09 /* oscpack */,
			);
			path = libs;
			sourceTree = "<group>";
		};
		21148B131452010B0091FF09 /* oscpack */ = {
			isa = PBXGroup;
			children = (
				21148B141452010B0091FF09 /* include */,
				21148B241452010B0091FF09 /* lib */,
			);
			path = oscpack;
			sourceTree = "<group>";
		};
		21148B141452010B0091FF09 /* include */ = {
			isa = PBXGroup;
			children = (
				21148B151452010B0091FF09 /* ip */,
				21148B1B1452010B0091FF09 /* osc */,
			);
			path = include;
			sourceTree = "<group>";
		};
		21148B151452010B0091FF09 /* ip */ = {
			isa = PBXGroup;
			children = (
				21148B161452010B0091FF09 /* IpEndpointName.h */,
				21148B171452010B0091FF09 /* NetworkingUtils.h */,
				21148B181452010B0091FF09 /* PacketListener.h */,
				21148B191452010B0091FF09 /* TimerListener.h */,
				21148B1A1452010B0091FF09 /* UdpSocket.h */,
			);
			path = ip;
			sourceTree = "<group>";
		};
		21148B1B1452010B0091FF09 /* osc */ = {
			isa = PBXGroup;
			children = (
				21148B1C1452010B0091FF09 /* MessageMappingOscPacketListener.h */,
				21148B1D1452010B0091FF09 /* OscException.h */,
				21148B1E1452010B0091FF09 /* OscHostEndianness.h */,
				21148B1F1452010B0091FF09 /* OscOutboundPacketStream.h */,
				21148B201452010B0091FF09 /* OscPacketListener.h */,
				21148B211452010B0091FF09 /* OscPrintReceivedElements.h */,
				21148B221452010B0091FF09 /* OscReceivedElements.h */,
				21148B231452010B0091FF09 /* OscTypes.h */,
			);
			path = osc;
			sourceTree = "<group>";
		};
		21148B241452010B0091FF09 /* lib */ = {
			isa = PBXGroup;
			children = (
				21148B251452010B0091FF09 /* osx */,
			);
			path = lib;
			sourceTree = "<group>";
		};
		21148B251452010B0091FF09 /* osx */ = {
			isa = PBXGroup;
			children = (
				21148B261452010B0091FF09 /* osc.a */,
			);
			path = osx;
			sourceTree = "<group>";
		};
		21148B271452010B0091FF09 /* src */ = {
			isa = PBXGroup;
			children = (
				21148B281452010B0091FF09 /* ofxOsc.h */,
				21148B291452010B0091FF09 /* ofxOscArg.h */,
				21148B2A1452010B0091FF09 /* ofxOscBundle.cpp */,
				21148B2B1452010B0091FF09 /* ofxOscBundle.h */,
				21148B2C1452010B0091FF09 /* ofxOscMessage.cpp */,
				21148B2D1452010B0091FF09 /* ofxOscMessage.h */,
				21148B2E1452010B0091FF09 /* ofxOscReceiver.cpp */,
				21148B2F1452010B0091FF09 /* ofxOscReceiver.h */,
				21148B301452010B0091FF09 /* ofxOscSender.cpp */,
				21148B311452010B0091FF09 /* ofxOscSender.h */,
			);
			path = src;
			sourceTree = "<group>";
		};
		217494C1144F63A100813BB3 /* goThreadedVideo */ = {
			isa = PBXGroup;
			children = (
				217494C2144F63A100813BB3 /* goQtUtils.cpp */,
				217494C3144F63A100813BB3 /* goQtUtils.h */,
				217494C4144F63A100813BB3 /* goThreadedVideo.cpp */,
				217494C5144F63A100813BB3 /* goThreadedVideo.h */,
				217494C6144F63A100813BB3 /* goVideoPlayer.cpp */,
				217494C7144F63A100813BB3 /* goVideoPlayer.h */,
			);
			name = goThreadedVideo;
			path = ../m1.0_classes/goThreadedVideo;
			sourceTree = SOURCE_ROOT;
		};
		219B9D1A1443B3750078DC3D /* m1.0_classes */ = {
			isa = PBXGroup;
			children = (
				21F38C89144B9386002AFC64 /* VideoPlayer */,
				219B9FC71443CDE40078DC3D /* margModule007.cpp */,
				219B9FC81443CDE40078DC3D /* margModule007.h */,
				219B9F781443C9A80078DC3D /* Blob */,
				219B9EF71443C5540078DC3D /* Capture */,
				219B9EEF1443C5180078DC3D /* TrailMaker */,
				219B9EE91443C4E10078DC3D /* VideoBlender */,
				219B9E9B1443BE490078DC3D /* Parent Classes */,
				219B9E931443BDF80078DC3D /* CoordWarping */,
				219B9D1B1443B3800078DC3D /* Display */,
			);
			name = m1.0_classes;
			sourceTree = "<group>";
		};
		219B9D1B1443B3800078DC3D /* Display */ = {
			isa = PBXGroup;
			children = (
				219B9D1C1443B3950078DC3D /* margDisplay007.cpp */,
				219B9D1D1443B3950078DC3D /* margDisplay007.h */,
			);
			name = Display;
			sourceTree = "<group>";
		};
		219B9D211443B3B20078DC3D /* ofxOpenCv */ = {
			isa = PBXGroup;
			children = (
				219B9D791443B3B30078DC3D /* src */,
			);
			name = ofxOpenCv;
			path = ../../../addons/ofxOpenCv;
			sourceTree = SOURCE_ROOT;
		};
		219B9D791443B3B30078DC3D /* src */ = {
			isa = PBXGroup;
			children = (
				219B9D7A1443B3B30078DC3D /* ofxCvBlob.h */,
				219B9D7B1443B3B30078DC3D /* ofxCvColorImage.cpp */,
				219B9D7C1443B3B30078DC3D /* ofxCvColorImage.h */,
				219B9D7D1443B3B30078DC3D /* ofxCvConstants.h */,
				219B9D7E1443B3B30078DC3D /* ofxCvContourFinder.cpp */,
				219B9D7F1443B3B30078DC3D /* ofxCvContourFinder.h */,
				219B9D801443B3B30078DC3D /* ofxCvFloatImage.cpp */,
				219B9D811443B3B30078DC3D /* ofxCvFloatImage.h */,
				219B9D821443B3B30078DC3D /* ofxCvGrayscaleImage.cpp */,
				219B9D831443B3B30078DC3D /* ofxCvGrayscaleImage.h */,
				219B9D841443B3B30078DC3D /* ofxCvHaarFinder.cpp */,
				219B9D851443B3B30078DC3D /* ofxCvHaarFinder.h */,
				219B9D861443B3B30078DC3D /* ofxCvImage.cpp */,
				219B9D871443B3B30078DC3D /* ofxCvImage.h */,
				219B9D881443B3B30078DC3D /* ofxCvMain.h */,
				219B9D891443B3B30078DC3D /* ofxCvShortImage.cpp */,
				219B9D8A1443B3B30078DC3D /* ofxCvShortImage.h */,
				219B9D8B1443B3B30078DC3D /* ofxOpenCv.h */,
			);
			path = src;
			sourceTree = "<group>";
		};
		219B9D971443B3D90078DC3D /* ofxVectorMath */ = {
			isa = PBXGroup;
			children = (
				219B9D981443B3D90078DC3D /* src */,
			);
			name = ofxVectorMath;
			path = ../../../addons/ofxVectorMath;
			sourceTree = SOURCE_ROOT;
		};
		219B9D981443B3D90078DC3D /* src */ = {
			isa = PBXGroup;
			children = (
				219B9D991443B3D90078DC3D /* ofxMatrix3x3.h */,
				219B9D9A1443B3D90078DC3D /* ofxMatrix4x4.h */,
				219B9D9B1443B3D90078DC3D /* ofxPoint2f.h */,
				219B9D9C1443B3D90078DC3D /* ofxPoint3f.h */,
				219B9D9D1443B3D90078DC3D /* ofxPoint4f.h */,
				219B9D9E1443B3D90078DC3D /* ofxQuaternion.h */,
				219B9D9F1443B3D90078DC3D /* ofxVec2f.h */,
				219B9DA01443B3D90078DC3D /* ofxVec3f.h */,
				219B9DA11443B3D90078DC3D /* ofxVec4f.h */,
				219B9DA21443B3D90078DC3D /* ofxVectorMath.h */,
			);
			path = src;
			sourceTree = "<group>";
		};
		219B9DA31443B3F30078DC3D /* ofxXmlSettings */ = {
			isa = PBXGroup;
			children = (
				219B9DA41443B3F30078DC3D /* install.xml */,
				219B9DA51443B3F30078DC3D /* libs */,
				219B9DAA1443B3F30078DC3D /* src */,
			);
			name = ofxXmlSettings;
			path = ../../../addons/ofxXmlSettings;
			sourceTree = SOURCE_ROOT;
		};
		219B9DA51443B3F30078DC3D /* libs */ = {
			isa = PBXGroup;
			children = (
				219B9DA61443B3F30078DC3D /* tinyxml.cpp */,
				219B9DA71443B3F30078DC3D /* tinyxml.h */,
				219B9DA81443B3F30078DC3D /* tinyxmlerror.cpp */,
				219B9DA91443B3F30078DC3D /* tinyxmlparser.cpp */,
			);
			path = libs;
			sourceTree = "<group>";
		};
		219B9DAA1443B3F30078DC3D /* src */ = {
			isa = PBXGroup;
			children = (
				219B9DAB1443B3F30078DC3D /* ofxXmlSettings.cpp */,
				219B9DAC1443B3F30078DC3D /* ofxXmlSettings.h */,
			);
			path = src;
			sourceTree = "<group>";
		};
		219B9E931443BDF80078DC3D /* CoordWarping */ = {
			isa = PBXGroup;
			children = (
				219B9E961443BE1B0078DC3D /* margCoordWarping007.cpp */,
				219B9E971443BE1B0078DC3D /* margCoordWarping007.h */,
			);
			name = CoordWarping;
			sourceTree = "<group>";
		};
		219B9E991443BE370078DC3D /* guiQuad */ = {
			isa = PBXGroup;
			children = (
				219B9EA21443BE940078DC3D /* baseGui007.h */,
				219B9EA31443BE940078DC3D /* guiQuad007.cpp */,
				219B9EA41443BE940078DC3D /* guiQuad007.h */,
			);
			name = guiQuad;
			sourceTree = "<group>";
		};
		219B9E9A1443BE410078DC3D /* coordWarping */ = {
			isa = PBXGroup;
			children = (
				219B9E9F1443BE7B0078DC3D /* coordWarping007.cpp */,
				219B9EA01443BE7B0078DC3D /* coordWarping007.h */,
			);
			name = coordWarping;
			sourceTree = "<group>";
		};
		219B9E9B1443BE490078DC3D /* Parent Classes */ = {
			isa = PBXGroup;
			children = (
				219B9F191443C8F00078DC3D /* ofxSimpleGuiToo */,
				217494C1144F63A100813BB3 /* goThreadedVideo */,
				219B9E9A1443BE410078DC3D /* coordWarping */,
				219B9E991443BE370078DC3D /* guiQuad */,
			);
			name = "Parent Classes";
			sourceTree = "<group>";
		};
		219B9EE91443C4E10078DC3D /* VideoBlender */ = {
			isa = PBXGroup;
			children = (
				219B9EEA1443C4F60078DC3D /* margVideoBlender007.cpp */,
				219B9EEB1443C4F60078DC3D /* margVideoBlender007.h */,
			);
			name = VideoBlender;
			sourceTree = "<group>";
		};
		219B9EEF1443C5180078DC3D /* TrailMaker */ = {
			isa = PBXGroup;
			children = (
				219B9EF01443C52B0078DC3D /* margTrailMaker007.cpp */,
				219B9EF11443C52B0078DC3D /* margTrailMaker007.h */,
			);
			name = TrailMaker;
			sourceTree = "<group>";
		};
		219B9EF71443C5540078DC3D /* Capture */ = {
			isa = PBXGroup;
			children = (
				219B9EF81443C5A80078DC3D /* margCapture007.cpp */,
				219B9EF91443C5A80078DC3D /* margCapture007.h */,
				219B9EFA1443C5A80078DC3D /* margVideoGrabber007.cpp */,
				219B9EFB1443C5A80078DC3D /* margVideoGrabber007.h */,
			);
			name = Capture;
			sourceTree = "<group>";
		};
		219B9F191443C8F00078DC3D /* ofxSimpleGuiToo */ = {
			isa = PBXGroup;
			children = (
				219B9F641443C9790078DC3D /* ofxMSAInteractiveObject */,
				219B9F241443C8F10078DC3D /* src */,
			);
			name = ofxSimpleGuiToo;
			path = ../m1.0_classes/ofxSimpleGuiToo;
			sourceTree = SOURCE_ROOT;
		};
		219B9F241443C8F10078DC3D /* src */ = {
			isa = PBXGroup;
			children = (
				219B9F251443C8F10078DC3D /* Controls */,
				219B9F3D1443C8F10078DC3D /* ofxSimpleGuiConfig.cpp */,
				219B9F3E1443C8F10078DC3D /* ofxSimpleGuiConfig.h */,
				219B9F3F1443C8F10078DC3D /* ofxSimpleGuiControl.cpp */,
				219B9F401443C8F10078DC3D /* ofxSimpleGuiControl.h */,
				219B9F411443C8F10078DC3D /* ofxSimpleGuiIncludes.h */,
				219B9F421443C8F10078DC3D /* ofxSimpleGuiPage.cpp */,
				219B9F431443C8F10078DC3D /* ofxSimpleGuiPage.h */,
				219B9F441443C8F10078DC3D /* ofxSimpleGuiToo.cpp */,
				219B9F451443C8F10078DC3D /* ofxSimpleGuiToo.h */,
				219B9F461443C8F10078DC3D /* ofxSimpleGuiValueControl.cpp */,
				219B9F471443C8F10078DC3D /* ofxSimpleGuiValueControl.h */,
			);
			path = src;
			sourceTree = "<group>";
		};
		219B9F251443C8F10078DC3D /* Controls */ = {
			isa = PBXGroup;
			children = (
				219B9F261443C8F10078DC3D /* ofxSimpleGuiButton.cpp */,
				219B9F271443C8F10078DC3D /* ofxSimpleGuiButton.h */,
				219B9F281443C8F10078DC3D /* ofxSimpleGuiColorPicker.cpp */,
				219B9F291443C8F10078DC3D /* ofxSimpleGuiColorPicker.h */,
				219B9F2A1443C8F10078DC3D /* ofxSimpleGuiComboBox.cpp */,
				219B9F2B1443C8F10078DC3D /* ofxSimpleGuiComboBox.h */,
				219B9F2C1443C8F10078DC3D /* ofxSimpleGuiContent.cpp */,
				219B9F2D1443C8F10078DC3D /* ofxSimpleGuiContent.h */,
				219B9F2E1443C8F10078DC3D /* ofxSimpleGuiFPSCounter.cpp */,
				219B9F2F1443C8F10078DC3D /* ofxSimpleGuiFPSCounter.h */,
				219B9F301443C8F10078DC3D /* ofxSimpleGuiMovieSlider.cpp */,
				219B9F311443C8F10078DC3D /* ofxSimpleGuiMovieSlider.h */,
				219B9F321443C8F10078DC3D /* ofxSimpleGuiQuadWarp.cpp */,
				219B9F331443C8F10078DC3D /* ofxSimpleGuiQuadWarp.h */,
				219B9F341443C8F10078DC3D /* ofxSimpleGuiSlider2d.cpp */,
				219B9F351443C8F10078DC3D /* ofxSimpleGuiSlider2d.h */,
				219B9F361443C8F10078DC3D /* ofxSimpleGuiSliderBase.h */,
				219B9F371443C8F10078DC3D /* ofxSimpleGuiSliderFloat.h */,
				219B9F381443C8F10078DC3D /* ofxSimpleGuiSliderInt.h */,
				219B9F391443C8F10078DC3D /* ofxSimpleGuiTitle.cpp */,
				219B9F3A1443C8F10078DC3D /* ofxSimpleGuiTitle.h */,
				219B9F3B1443C8F10078DC3D /* ofxSimpleGuiToggle.cpp */,
				219B9F3C1443C8F10078DC3D /* ofxSimpleGuiToggle.h */,
			);
			path = Controls;
			sourceTree = "<group>";
		};
		219B9F641443C9790078DC3D /* ofxMSAInteractiveObject */ = {
			isa = PBXGroup;
			children = (
				219B9F701443C9790078DC3D /* src */,
			);
			path = ofxMSAInteractiveObject;
			sourceTree = "<group>";
		};
		219B9F701443C9790078DC3D /* src */ = {
			isa = PBXGroup;
			children = (
				219B9F711443C9790078DC3D /* ofxMSAInteractiveObject.cpp */,
				219B9F721443C9790078DC3D /* ofxMSAInteractiveObject.h */,
			);
			path = src;
			sourceTree = "<group>";
		};
		219B9F781443C9A80078DC3D /* Blob */ = {
			isa = PBXGroup;
			children = (
				219B9F791443C9B80078DC3D /* margBlob007.h */,
				219B9F7A1443C9B80078DC3D /* margBlobCorrector007.cpp */,
				219B9F7B1443C9B80078DC3D /* margBlobCorrector007.h */,
				219B9F7C1443C9B80078DC3D /* margBlobFinder007.cpp */,
				219B9F7D1443C9B80078DC3D /* margBlobFinder007.h */,
				219B9F7E1443C9B80078DC3D /* margBlobInterpolator007.cpp */,
				219B9F7F1443C9B80078DC3D /* margBlobInterpolator007.h */,
			);
			name = Blob;
			sourceTree = "<group>";
		};
		21F38C89144B9386002AFC64 /* VideoPlayer */ = {
			isa = PBXGroup;
			children = (
				217AC4491456F8AD00F0879A /* ofVideoPlayerAdapt.cpp */,
				217AC44A1456F8AD00F0879A /* ofVideoPlayerAdapt.h */,
				217AC1851456DE9700F0879A /* margVideoPlayer007.cpp */,
				217AC1861456DE9700F0879A /* margVideoPlayer007.h */,
			);
			name = VideoPlayer;
			sourceTree = "<group>";
		};
		BB4B014C10F69532006C3DED /* addons */ = {
			isa = PBXGroup;
			children = (
				21148B101452010B0091FF09 /* ofxOsc */,
				219B9DA31443B3F30078DC3D /* ofxXmlSettings */,
				219B9D971443B3D90078DC3D /* ofxVectorMath */,
				219B9D211443B3B20078DC3D /* ofxOpenCv */,
			);
			name = addons;
			sourceTree = "<group>";
		};
		BBAB23C913894ECA00AA2426 /* system frameworks */ = {
			isa = PBXGroup;
			children = (
				E4C2424410CC5A17004149E2 /* AppKit.framework */,
				E4C2424510CC5A17004149E2 /* Cocoa.framework */,
				E4C2424610CC5A17004149E2 /* IOKit.framework */,
				E45BE9710E8CC7DD009D7055 /* AGL.framework */,
				E45BE9720E8CC7DD009D7055 /* ApplicationServices.framework */,
				E45BE9730E8CC7DD009D7055 /* AudioToolbox.framework */,
				E45BE9740E8CC7DD009D7055 /* Carbon.framework */,
				E45BE9750E8CC7DD009D7055 /* CoreAudio.framework */,
				E45BE9760E8CC7DD009D7055 /* CoreFoundation.framework */,
				E45BE9770E8CC7DD009D7055 /* CoreServices.framework */,
				E45BE9790E8CC7DD009D7055 /* OpenGL.framework */,
				E45BE97A0E8CC7DD009D7055 /* QuickTime.framework */,
			);
			name = "system frameworks";
			sourceTree = "<group>";
		};
		BBAB23CA13894EDB00AA2426 /* 3rd party frameworks */ = {
			isa = PBXGroup;
			children = (
				BBAB23BE13894E4700AA2426 /* GLUT.framework */,
			);
			name = "3rd party frameworks";
			sourceTree = "<group>";
		};
		E4328144138ABC890047C5CB /* Products */ = {
			isa = PBXGroup;
			children = (
				E4328148138ABC890047C5CB /* openFrameworksDebug.a */,
			);
			name = Products;
			sourceTree = "<group>";
		};
		E45BE5980E8CC70C009D7055 /* frameworks */ = {
			isa = PBXGroup;
			children = (
				BBAB23CA13894EDB00AA2426 /* 3rd party frameworks */,
				BBAB23C913894ECA00AA2426 /* system frameworks */,
			);
			name = frameworks;
			sourceTree = "<group>";
		};
		E4B69B4A0A3A1720003C02F2 = {
			isa = PBXGroup;
			children = (
				219B9D1A1443B3750078DC3D /* m1.0_classes */,
				E4B6FCAD0C3E899E008CF71C /* openFrameworks-Info.plist */,
				E4EB6923138AFD0F00A09F29 /* Project.xcconfig */,
				E4B69E1C0A3A1BDC003C02F2 /* src */,
				E4EEC9E9138DF44700A80321 /* openFrameworks */,
				BB4B014C10F69532006C3DED /* addons */,
				E45BE5980E8CC70C009D7055 /* frameworks */,
				E4B69B5B0A3A1756003C02F2 /* loExhibitCtrlDebug.app */,
			);
			sourceTree = "<group>";
		};
		E4B69E1C0A3A1BDC003C02F2 /* src */ = {
			isa = PBXGroup;
			children = (
				E4B69E1D0A3A1BDC003C02F2 /* main.cpp */,
				E4B69E1E0A3A1BDC003C02F2 /* testApp.cpp */,
				E4B69E1F0A3A1BDC003C02F2 /* testApp.h */,
			);
			path = src;
			sourceTree = SOURCE_ROOT;
		};
		E4EEC9E9138DF44700A80321 /* openFrameworks */ = {
			isa = PBXGroup;
			children = (
				E4EB691F138AFCF100A09F29 /* CoreOF.xcconfig */,
				E4328143138ABC890047C5CB /* openFrameworksLib.xcodeproj */,
			);
			name = openFrameworks;
			sourceTree = "<group>";
		};
/* End PBXGroup section */

/* Begin PBXNativeTarget section */
		E4B69B5A0A3A1756003C02F2 /* loExhibitCtrl */ = {
			isa = PBXNativeTarget;
			buildConfigurationList = E4B69B5F0A3A1757003C02F2 /* Build configuration list for PBXNativeTarget "loExhibitCtrl" */;
			buildPhases = (
				E4B69B580A3A1756003C02F2 /* Sources */,
				E4B69B590A3A1756003C02F2 /* Frameworks */,
				E4B6FFFD0C3F9AB9008CF71C /* ShellScript */,
				E4C2427710CC5ABF004149E2 /* CopyFiles */,
			);
			buildRules = (
			);
			dependencies = (
				E4EEB9AC138B136A00A80321 /* PBXTargetDependency */,
			);
			name = loExhibitCtrl;
			productName = myOFApp;
			productReference = E4B69B5B0A3A1756003C02F2 /* loExhibitCtrlDebug.app */;
			productType = "com.apple.product-type.application";
		};
/* End PBXNativeTarget section */

/* Begin PBXProject section */
		E4B69B4C0A3A1720003C02F2 /* Project object */ = {
			isa = PBXProject;
			buildConfigurationList = E4B69B4D0A3A1720003C02F2 /* Build configuration list for PBXProject "m1.0_exhib_ctrl" */;
			compatibilityVersion = "Xcode 2.4";
			developmentRegion = English;
			hasScannedForEncodings = 0;
			knownRegions = (
				English,
				Japanese,
				French,
				German,
			);
			mainGroup = E4B69B4A0A3A1720003C02F2;
			productRefGroup = E4B69B4A0A3A1720003C02F2;
			projectDirPath = "";
			projectReferences = (
				{
					ProductGroup = E4328144138ABC890047C5CB /* Products */;
					ProjectRef = E4328143138ABC890047C5CB /* openFrameworksLib.xcodeproj */;
				},
			);
			projectRoot = "";
			targets = (
				E4B69B5A0A3A1756003C02F2 /* loExhibitCtrl */,
			);
		};
/* End PBXProject section */

/* Begin PBXReferenceProxy section */
		E4328148138ABC890047C5CB /* openFrameworksDebug.a */ = {
			isa = PBXReferenceProxy;
			fileType = archive.ar;
			path = openFrameworksDebug.a;
			remoteRef = E4328147138ABC890047C5CB /* PBXContainerItemProxy */;
			sourceTree = BUILT_PRODUCTS_DIR;
		};
/* End PBXReferenceProxy section */

/* Begin PBXShellScriptBuildPhase section */
		E4B6FFFD0C3F9AB9008CF71C /* ShellScript */ = {
			isa = PBXShellScriptBuildPhase;
			buildActionMask = 2147483647;
			files = (
			);
			inputPaths = (
			);
			outputPaths = (
			);
			runOnlyForDeploymentPostprocessing = 0;
			shellPath = /bin/sh;
			shellScript = "cp -f ../../../libs/fmodex/lib/osx/libfmodex.dylib \"$TARGET_BUILD_DIR/$PRODUCT_NAME.app/Contents/MacOS/libfmodex.dylib\"; install_name_tool -change ./libfmodex.dylib @executable_path/libfmodex.dylib \"$TARGET_BUILD_DIR/$PRODUCT_NAME.app/Contents/MacOS/$PRODUCT_NAME\";";
		};
/* End PBXShellScriptBuildPhase section */

/* Begin PBXSourcesBuildPhase section */
		E4B69B580A3A1756003C02F2 /* Sources */ = {
			isa = PBXSourcesBuildPhase;
			buildActionMask = 2147483647;
			files = (
				219BA0591443D4CF0078DC3D /* ofxCvColorImage.cpp in Sources */,
				219BA05C1443D4CF0078DC3D /* ofxCvContourFinder.cpp in Sources */,
				219BA05E1443D4CF0078DC3D /* ofxCvFloatImage.cpp in Sources */,
				219BA0601443D4CF0078DC3D /* ofxCvGrayscaleImage.cpp in Sources */,
				219BA0621443D4CF0078DC3D /* ofxCvHaarFinder.cpp in Sources */,
				219BA0641443D4CF0078DC3D /* ofxCvImage.cpp in Sources */,
				219BA0671443D4CF0078DC3D /* ofxCvShortImage.cpp in Sources */,
				E4B69E200A3A1BDC003C02F2 /* main.cpp in Sources */,
				E4B69E210A3A1BDC003C02F2 /* testApp.cpp in Sources */,
				219B9D1E1443B3950078DC3D /* margDisplay007.cpp in Sources */,
				219B9DAD1443B3F30078DC3D /* tinyxml.cpp in Sources */,
				219B9DAE1443B3F30078DC3D /* tinyxmlerror.cpp in Sources */,
				219B9DAF1443B3F30078DC3D /* tinyxmlparser.cpp in Sources */,
				219B9DB01443B3F30078DC3D /* ofxXmlSettings.cpp in Sources */,
				219B9E981443BE1B0078DC3D /* margCoordWarping007.cpp in Sources */,
				219B9EA11443BE7B0078DC3D /* coordWarping007.cpp in Sources */,
				219B9EA51443BE940078DC3D /* guiQuad007.cpp in Sources */,
				219B9EEC1443C4F60078DC3D /* margVideoBlender007.cpp in Sources */,
				219B9EF21443C52B0078DC3D /* margTrailMaker007.cpp in Sources */,
				219B9EFC1443C5A80078DC3D /* margCapture007.cpp in Sources */,
				219B9EFD1443C5A80078DC3D /* margVideoGrabber007.cpp in Sources */,
				219B9F4A1443C8F10078DC3D /* ofxSimpleGuiButton.cpp in Sources */,
				219B9F4B1443C8F10078DC3D /* ofxSimpleGuiColorPicker.cpp in Sources */,
				219B9F4C1443C8F10078DC3D /* ofxSimpleGuiComboBox.cpp in Sources */,
				219B9F4D1443C8F10078DC3D /* ofxSimpleGuiContent.cpp in Sources */,
				219B9F4E1443C8F10078DC3D /* ofxSimpleGuiFPSCounter.cpp in Sources */,
				219B9F4F1443C8F10078DC3D /* ofxSimpleGuiMovieSlider.cpp in Sources */,
				219B9F501443C8F10078DC3D /* ofxSimpleGuiQuadWarp.cpp in Sources */,
				219B9F511443C8F10078DC3D /* ofxSimpleGuiSlider2d.cpp in Sources */,
				219B9F521443C8F10078DC3D /* ofxSimpleGuiTitle.cpp in Sources */,
				219B9F531443C8F10078DC3D /* ofxSimpleGuiToggle.cpp in Sources */,
				219B9F541443C8F10078DC3D /* ofxSimpleGuiConfig.cpp in Sources */,
				219B9F551443C8F10078DC3D /* ofxSimpleGuiControl.cpp in Sources */,
				219B9F561443C8F10078DC3D /* ofxSimpleGuiPage.cpp in Sources */,
				219B9F571443C8F10078DC3D /* ofxSimpleGuiToo.cpp in Sources */,
				219B9F581443C8F10078DC3D /* ofxSimpleGuiValueControl.cpp in Sources */,
				219B9F751443C9790078DC3D /* ofxMSAInteractiveObject.cpp in Sources */,
				219B9F801443C9B80078DC3D /* margBlobCorrector007.cpp in Sources */,
				219B9F811443C9B80078DC3D /* margBlobFinder007.cpp in Sources */,
				219B9F821443C9B80078DC3D /* margBlobInterpolator007.cpp in Sources */,
				219B9FC91443CDE40078DC3D /* margModule007.cpp in Sources */,
				21148B331452010B0091FF09 /* ofxOscBundle.cpp in Sources */,
				21148B341452010B0091FF09 /* ofxOscMessage.cpp in Sources */,
				21148B351452010B0091FF09 /* ofxOscReceiver.cpp in Sources */,
				21148B361452010B0091FF09 /* ofxOscSender.cpp in Sources */,
				217AC1871456DE9700F0879A /* margVideoPlayer007.cpp in Sources */,
				217AC44B1456F8AD00F0879A /* ofVideoPlayerAdapt.cpp in Sources */,
			);
			runOnlyForDeploymentPostprocessing = 0;
		};
/* End PBXSourcesBuildPhase section */

/* Begin PBXTargetDependency section */
		E4EEB9AC138B136A00A80321 /* PBXTargetDependency */ = {
			isa = PBXTargetDependency;
			name = openFrameworks;
			targetProxy = E4EEB9AB138B136A00A80321 /* PBXContainerItemProxy */;
		};
/* End PBXTargetDependency section */

/* Begin XCBuildConfiguration section */
		E4B69B4E0A3A1720003C02F2 /* Debug */ = {
			isa = XCBuildConfiguration;
			baseConfigurationReference = E4EB6923138AFD0F00A09F29 /* Project.xcconfig */;
			buildSettings = {
				ARCHS = "$(NATIVE_ARCH)";
				CONFIGURATION_BUILD_DIR = ../../PRODUCTS/M1.0_exhibit_ctrl/bin;
				COPY_PHASE_STRIP = NO;
				DEAD_CODE_STRIPPING = YES;
				GCC_AUTO_VECTORIZATION = YES;
				GCC_ENABLE_SSE3_EXTENSIONS = YES;
				GCC_ENABLE_SUPPLEMENTAL_SSE3_INSTRUCTIONS = YES;
				GCC_INLINES_ARE_PRIVATE_EXTERN = NO;
				GCC_MODEL_TUNING = G5;
				GCC_SYMBOLS_PRIVATE_EXTERN = NO;
				GCC_WARN_ABOUT_DEPRECATED_FUNCTIONS = NO;
				GCC_WARN_ABOUT_INVALID_OFFSETOF_MACRO = NO;
				GCC_WARN_ALLOW_INCOMPLETE_PROTOCOL = NO;
				GCC_WARN_UNINITIALIZED_AUTOS = NO;
				GCC_WARN_UNUSED_VALUE = NO;
				GCC_WARN_UNUSED_VARIABLE = NO;
				OTHER_CPLUSPLUSFLAGS = (
					"-D__MACOSX_CORE__",
					"-lpthread",
				);
				SYMROOT = /Users/andregmintz/Dev/openFrameworks/OF_0.070_SL/apps/M1.0_builds/builds;
			};
			name = Debug;
		};
		E4B69B4F0A3A1720003C02F2 /* Release */ = {
			isa = XCBuildConfiguration;
			baseConfigurationReference = E4EB6923138AFD0F00A09F29 /* Project.xcconfig */;
			buildSettings = {
				ARCHS = "$(NATIVE_ARCH)";
				CONFIGURATION_BUILD_DIR = /Users/andregmintz/Dev/openFrameworks/OF_0.070_SL/apps/PRODUCTS/M1.0/bin;
				COPY_PHASE_STRIP = YES;
				DEAD_CODE_STRIPPING = YES;
				GCC_AUTO_VECTORIZATION = YES;
				GCC_ENABLE_SSE3_EXTENSIONS = YES;
				GCC_ENABLE_SUPPLEMENTAL_SSE3_INSTRUCTIONS = YES;
				GCC_INLINES_ARE_PRIVATE_EXTERN = NO;
				GCC_MODEL_TUNING = G5;
				GCC_OPTIMIZATION_LEVEL = 3;
				GCC_SYMBOLS_PRIVATE_EXTERN = NO;
				GCC_UNROLL_LOOPS = YES;
				GCC_WARN_ABOUT_DEPRECATED_FUNCTIONS = NO;
				GCC_WARN_ABOUT_INVALID_OFFSETOF_MACRO = NO;
				GCC_WARN_ALLOW_INCOMPLETE_PROTOCOL = NO;
				GCC_WARN_UNINITIALIZED_AUTOS = NO;
				GCC_WARN_UNUSED_VALUE = NO;
				GCC_WARN_UNUSED_VARIABLE = NO;
				OTHER_CPLUSPLUSFLAGS = (
					"-D__MACOSX_CORE__",
					"-lpthread",
				);
				SYMROOT = /Users/andregmintz/Dev/openFrameworks/OF_0.070_SL/apps/M1.0_builds/builds;
			};
			name = Release;
		};
		E4B69B600A3A1757003C02F2 /* Debug */ = {
			isa = XCBuildConfiguration;
			buildSettings = {
				COPY_PHASE_STRIP = NO;
				FRAMEWORK_SEARCH_PATHS = (
					"$(inherited)",
					"$(FRAMEWORK_SEARCH_PATHS_QUOTED_FOR_TARGET_1)",
				);
				FRAMEWORK_SEARCH_PATHS_QUOTED_FOR_TARGET_1 = "\"$(SRCROOT)/../../../libs/glut/lib/osx\"";
				GCC_DYNAMIC_NO_PIC = NO;
				GCC_ENABLE_FIX_AND_CONTINUE = YES;
				GCC_GENERATE_DEBUGGING_SYMBOLS = YES;
				GCC_MODEL_TUNING = G4;
				GCC_PRECOMPILE_PREFIX_HEADER = YES;
				GCC_PREFIX_HEADER = "$(SYSTEM_LIBRARY_DIR)/Frameworks/Carbon.framework/Headers/Carbon.h";
				INFOPLIST_FILE = "openFrameworks-Info.plist";
				INSTALL_PATH = "$(HOME)/Applications";
				LIBRARY_SEARCH_PATHS = (
					"$(inherited)",
					"$(LIBRARY_SEARCH_PATHS_QUOTED_FOR_TARGET_1)",
					"$(LIBRARY_SEARCH_PATHS_QUOTED_FOR_TARGET_2)",
					"$(LIBRARY_SEARCH_PATHS_QUOTED_FOR_TARGET_3)",
					"$(LIBRARY_SEARCH_PATHS_QUOTED_FOR_TARGET_4)",
					"$(LIBRARY_SEARCH_PATHS_QUOTED_FOR_TARGET_5)",
					"$(LIBRARY_SEARCH_PATHS_QUOTED_FOR_TARGET_6)",
					"$(LIBRARY_SEARCH_PATHS_QUOTED_FOR_TARGET_7)",
					"$(LIBRARY_SEARCH_PATHS_QUOTED_FOR_TARGET_8)",
					"$(LIBRARY_SEARCH_PATHS_QUOTED_FOR_TARGET_9)",
					"$(LIBRARY_SEARCH_PATHS_QUOTED_FOR_TARGET_10)",
					"$(LIBRARY_SEARCH_PATHS_QUOTED_FOR_TARGET_11)",
					"$(LIBRARY_SEARCH_PATHS_QUOTED_FOR_TARGET_12)",
					"$(LIBRARY_SEARCH_PATHS_QUOTED_FOR_TARGET_13)",
					"$(LIBRARY_SEARCH_PATHS_QUOTED_FOR_TARGET_14)",
					"$(LIBRARY_SEARCH_PATHS_QUOTED_FOR_TARGET_15)",
					"$(LIBRARY_SEARCH_PATHS_QUOTED_FOR_TARGET_2)",
					"$(LIBRARY_SEARCH_PATHS_QUOTED_FOR_TARGET_3)",
					"$(LIBRARY_SEARCH_PATHS_QUOTED_FOR_TARGET_7)",
					"$(LIBRARY_SEARCH_PATHS_QUOTED_FOR_TARGET_8)",
					"$(LIBRARY_SEARCH_PATHS_QUOTED_FOR_TARGET_9)",
					"$(LIBRARY_SEARCH_PATHS_QUOTED_FOR_TARGET_10)",
					"$(LIBRARY_SEARCH_PATHS_QUOTED_FOR_TARGET_11)",
					"$(LIBRARY_SEARCH_PATHS_QUOTED_FOR_TARGET_12)",
					"$(LIBRARY_SEARCH_PATHS_QUOTED_FOR_TARGET_13)",
					"$(LIBRARY_SEARCH_PATHS_QUOTED_FOR_TARGET_16)",
					"$(LIBRARY_SEARCH_PATHS_QUOTED_FOR_TARGET_17)",
					"$(LIBRARY_SEARCH_PATHS_QUOTED_FOR_TARGET_18)",
					"$(LIBRARY_SEARCH_PATHS_QUOTED_FOR_TARGET_19)",
					"$(LIBRARY_SEARCH_PATHS_QUOTED_FOR_TARGET_20)",
					"$(LIBRARY_SEARCH_PATHS_QUOTED_FOR_TARGET_21)",
					"$(LIBRARY_SEARCH_PATHS_QUOTED_FOR_TARGET_22)",
					"$(LIBRARY_SEARCH_PATHS_QUOTED_FOR_TARGET_23)",
					"$(LIBRARY_SEARCH_PATHS_QUOTED_FOR_TARGET_24)",
					"$(LIBRARY_SEARCH_PATHS_QUOTED_FOR_TARGET_25)",
					"$(LIBRARY_SEARCH_PATHS_QUOTED_FOR_TARGET_26)",
					"$(LIBRARY_SEARCH_PATHS_QUOTED_FOR_TARGET_27)",
					"$(LIBRARY_SEARCH_PATHS_QUOTED_FOR_TARGET_28)",
					"$(LIBRARY_SEARCH_PATHS_QUOTED_FOR_TARGET_29)",
					"$(LIBRARY_SEARCH_PATHS_QUOTED_FOR_TARGET_30)",
					"$(LIBRARY_SEARCH_PATHS_QUOTED_FOR_TARGET_31)",
					"$(LIBRARY_SEARCH_PATHS_QUOTED_FOR_TARGET_32)",
					"$(LIBRARY_SEARCH_PATHS_QUOTED_FOR_TARGET_33)",
					"$(LIBRARY_SEARCH_PATHS_QUOTED_FOR_TARGET_34)",
					"$(LIBRARY_SEARCH_PATHS_QUOTED_FOR_TARGET_35)",
					"$(LIBRARY_SEARCH_PATHS_QUOTED_FOR_TARGET_36)",
					"$(LIBRARY_SEARCH_PATHS_QUOTED_FOR_TARGET_37)",
					"$(LIBRARY_SEARCH_PATHS_QUOTED_FOR_TARGET_38)",
					"$(LIBRARY_SEARCH_PATHS_QUOTED_FOR_TARGET_39)",
					"$(LIBRARY_SEARCH_PATHS_QUOTED_FOR_TARGET_40)",
					"$(LIBRARY_SEARCH_PATHS_QUOTED_FOR_TARGET_41)",
					"$(LIBRARY_SEARCH_PATHS_QUOTED_FOR_TARGET_42)",
					"$(LIBRARY_SEARCH_PATHS_QUOTED_FOR_TARGET_43)",
					"$(LIBRARY_SEARCH_PATHS_QUOTED_FOR_TARGET_44)",
					"$(LIBRARY_SEARCH_PATHS_QUOTED_FOR_TARGET_45)",
					"$(LIBRARY_SEARCH_PATHS_QUOTED_FOR_TARGET_46)",
					"$(LIBRARY_SEARCH_PATHS_QUOTED_FOR_TARGET_47)",
					"$(LIBRARY_SEARCH_PATHS_QUOTED_FOR_TARGET_48)",
					"$(LIBRARY_SEARCH_PATHS_QUOTED_FOR_TARGET_49)",
					"$(LIBRARY_SEARCH_PATHS_QUOTED_FOR_TARGET_50)",
					"$(LIBRARY_SEARCH_PATHS_QUOTED_FOR_TARGET_51)",
					"$(LIBRARY_SEARCH_PATHS_QUOTED_FOR_TARGET_52)",
					"$(LIBRARY_SEARCH_PATHS_QUOTED_FOR_TARGET_1)",
					"$(LIBRARY_SEARCH_PATHS_QUOTED_FOR_TARGET_2)",
				);
				LIBRARY_SEARCH_PATHS_QUOTED_FOR_TARGET_1 = "\"$(SRCROOT)/../../../addons/ofxOpenCv/libs/opencv/lib/osx\"";
				LIBRARY_SEARCH_PATHS_QUOTED_FOR_TARGET_2 = "\"$(SRCROOT)/../../../addons/ofxOsc/libs/oscpack/lib/osx\"";
				PREBINDING = NO;
				PRODUCT_NAME = "$(TARGET_NAME)Debug";
				WRAPPER_EXTENSION = app;
			};
			name = Debug;
		};
		E4B69B610A3A1757003C02F2 /* Release */ = {
			isa = XCBuildConfiguration;
			buildSettings = {
				COPY_PHASE_STRIP = YES;
				FRAMEWORK_SEARCH_PATHS = (
					"$(inherited)",
					"$(FRAMEWORK_SEARCH_PATHS_QUOTED_FOR_TARGET_1)",
				);
				FRAMEWORK_SEARCH_PATHS_QUOTED_FOR_TARGET_1 = "\"$(SRCROOT)/../../../libs/glut/lib/osx\"";
				GCC_ENABLE_FIX_AND_CONTINUE = NO;
				GCC_GENERATE_DEBUGGING_SYMBOLS = NO;
				GCC_MODEL_TUNING = G4;
				GCC_PRECOMPILE_PREFIX_HEADER = YES;
				GCC_PREFIX_HEADER = "$(SYSTEM_LIBRARY_DIR)/Frameworks/Carbon.framework/Headers/Carbon.h";
				INFOPLIST_FILE = "openFrameworks-Info.plist";
				INSTALL_PATH = "$(HOME)/Applications";
				LIBRARY_SEARCH_PATHS = (
					"$(inherited)",
					"$(LIBRARY_SEARCH_PATHS_QUOTED_FOR_TARGET_1)",
					"$(LIBRARY_SEARCH_PATHS_QUOTED_FOR_TARGET_2)",
					"$(LIBRARY_SEARCH_PATHS_QUOTED_FOR_TARGET_3)",
					"$(LIBRARY_SEARCH_PATHS_QUOTED_FOR_TARGET_4)",
					"$(LIBRARY_SEARCH_PATHS_QUOTED_FOR_TARGET_5)",
					"$(LIBRARY_SEARCH_PATHS_QUOTED_FOR_TARGET_6)",
					"$(LIBRARY_SEARCH_PATHS_QUOTED_FOR_TARGET_7)",
					"$(LIBRARY_SEARCH_PATHS_QUOTED_FOR_TARGET_8)",
					"$(LIBRARY_SEARCH_PATHS_QUOTED_FOR_TARGET_9)",
					"$(LIBRARY_SEARCH_PATHS_QUOTED_FOR_TARGET_10)",
					"$(LIBRARY_SEARCH_PATHS_QUOTED_FOR_TARGET_11)",
					"$(LIBRARY_SEARCH_PATHS_QUOTED_FOR_TARGET_12)",
					"$(LIBRARY_SEARCH_PATHS_QUOTED_FOR_TARGET_13)",
					"$(LIBRARY_SEARCH_PATHS_QUOTED_FOR_TARGET_14)",
					"$(LIBRARY_SEARCH_PATHS_QUOTED_FOR_TARGET_15)",
					"$(LIBRARY_SEARCH_PATHS_QUOTED_FOR_TARGET_2)",
					"$(LIBRARY_SEARCH_PATHS_QUOTED_1)",
					"$(LIBRARY_SEARCH_PATHS_QUOTED_FOR_TARGET_3)",
					"$(LIBRARY_SEARCH_PATHS_QUOTED_FOR_TARGET_7)",
					"$(LIBRARY_SEARCH_PATHS_QUOTED_FOR_TARGET_8)",
					"$(LIBRARY_SEARCH_PATHS_QUOTED_FOR_TARGET_9)",
					"$(LIBRARY_SEARCH_PATHS_QUOTED_FOR_TARGET_10)",
					"$(LIBRARY_SEARCH_PATHS_QUOTED_FOR_TARGET_11)",
					"$(LIBRARY_SEARCH_PATHS_QUOTED_FOR_TARGET_12)",
					"$(LIBRARY_SEARCH_PATHS_QUOTED_FOR_TARGET_13)",
					"$(LIBRARY_SEARCH_PATHS_QUOTED_FOR_TARGET_16)",
					"$(LIBRARY_SEARCH_PATHS_QUOTED_FOR_TARGET_17)",
					"$(LIBRARY_SEARCH_PATHS_QUOTED_FOR_TARGET_18)",
					"$(LIBRARY_SEARCH_PATHS_QUOTED_FOR_TARGET_19)",
					"$(LIBRARY_SEARCH_PATHS_QUOTED_FOR_TARGET_20)",
					"$(LIBRARY_SEARCH_PATHS_QUOTED_FOR_TARGET_21)",
					"$(LIBRARY_SEARCH_PATHS_QUOTED_FOR_TARGET_22)",
					"$(LIBRARY_SEARCH_PATHS_QUOTED_FOR_TARGET_23)",
					"$(LIBRARY_SEARCH_PATHS_QUOTED_FOR_TARGET_24)",
					"$(LIBRARY_SEARCH_PATHS_QUOTED_FOR_TARGET_25)",
					"$(LIBRARY_SEARCH_PATHS_QUOTED_FOR_TARGET_26)",
					"$(LIBRARY_SEARCH_PATHS_QUOTED_FOR_TARGET_27)",
					"$(LIBRARY_SEARCH_PATHS_QUOTED_FOR_TARGET_28)",
					"$(LIBRARY_SEARCH_PATHS_QUOTED_FOR_TARGET_29)",
					"$(LIBRARY_SEARCH_PATHS_QUOTED_FOR_TARGET_30)",
					"$(LIBRARY_SEARCH_PATHS_QUOTED_FOR_TARGET_31)",
					"$(LIBRARY_SEARCH_PATHS_QUOTED_FOR_TARGET_32)",
					"$(LIBRARY_SEARCH_PATHS_QUOTED_FOR_TARGET_33)",
					"$(LIBRARY_SEARCH_PATHS_QUOTED_FOR_TARGET_34)",
					"$(LIBRARY_SEARCH_PATHS_QUOTED_FOR_TARGET_35)",
					"$(LIBRARY_SEARCH_PATHS_QUOTED_FOR_TARGET_36)",
					"$(LIBRARY_SEARCH_PATHS_QUOTED_FOR_TARGET_37)",
					"$(LIBRARY_SEARCH_PATHS_QUOTED_FOR_TARGET_38)",
					"$(LIBRARY_SEARCH_PATHS_QUOTED_FOR_TARGET_39)",
					"$(LIBRARY_SEARCH_PATHS_QUOTED_FOR_TARGET_40)",
					"$(LIBRARY_SEARCH_PATHS_QUOTED_FOR_TARGET_41)",
					"$(LIBRARY_SEARCH_PATHS_QUOTED_FOR_TARGET_42)",
					"$(LIBRARY_SEARCH_PATHS_QUOTED_FOR_TARGET_43)",
					"$(LIBRARY_SEARCH_PATHS_QUOTED_FOR_TARGET_44)",
					"$(LIBRARY_SEARCH_PATHS_QUOTED_FOR_TARGET_45)",
					"$(LIBRARY_SEARCH_PATHS_QUOTED_FOR_TARGET_46)",
					"$(LIBRARY_SEARCH_PATHS_QUOTED_FOR_TARGET_47)",
					"$(LIBRARY_SEARCH_PATHS_QUOTED_FOR_TARGET_48)",
					"$(LIBRARY_SEARCH_PATHS_QUOTED_FOR_TARGET_49)",
					"$(LIBRARY_SEARCH_PATHS_QUOTED_FOR_TARGET_50)",
					"$(LIBRARY_SEARCH_PATHS_QUOTED_FOR_TARGET_51)",
					"$(LIBRARY_SEARCH_PATHS_QUOTED_1)",
					"$(LIBRARY_SEARCH_PATHS_QUOTED_2)",
				);
				LIBRARY_SEARCH_PATHS_QUOTED_1 = "\"$(SRCROOT)/../../../addons/ofxOpenCv/libs/opencv/lib/osx\"";
				LIBRARY_SEARCH_PATHS_QUOTED_2 = "\"$(SRCROOT)/../../../addons/ofxOsc/libs/oscpack/lib/osx\"";
				PREBINDING = NO;
				PRODUCT_NAME = "$(TARGET_NAME)";
				WRAPPER_EXTENSION = app;
			};
			name = Release;
		};
/* End XCBuildConfiguration section */

/* Begin XCConfigurationList section */
		E4B69B4D0A3A1720003C02F2 /* Build configuration list for PBXProject "m1.0_exhib_ctrl" */ = {
			isa = XCConfigurationList;
			buildConfigurations = (
				E4B69B4E0A3A1720003C02F2 /* Debug */,
				E4B69B4F0A3A1720003C02F2 /* Release */,
			);
			defaultConfigurationIsVisible = 0;
			defaultConfigurationName = Release;
		};
		E4B69B5F0A3A1757003C02F2 /* Build configuration list for PBXNativeTarget "loExhibitCtrl" */ = {
			isa = XCConfigurationList;
			buildConfigurations = (
				E4B69B600A3A1757003C02F2 /* Debug */,
				E4B69B610A3A1757003C02F2 /* Release */,
			);
			defaultConfigurationIsVisible = 0;
			defaultConfigurationName = Release;
		};
/* End XCConfigurationList section */
	};
	rootObject = E4B69B4C0A3A1720003C02F2 /* Project object */;
}
